// !$*UTF8*$!
{
	archiveVersion = 1;
	classes = {
	};
	objectVersion = 55;
	objects = {

/* Begin PBXBuildFile section */
		AD72ABA128C7472E00630ED4 /* FeedViewController.swift in Sources */ = {isa = PBXBuildFile; fileRef = AD72ABA028C7472E00630ED4 /* FeedViewController.swift */; };
		AD72ABA328C8AD8100630ED4 /* FeedImageCell.swift in Sources */ = {isa = PBXBuildFile; fileRef = AD72ABA228C8AD8100630ED4 /* FeedImageCell.swift */; };
		AD72ABA628CA2BEE00630ED4 /* UIView+Shimmering.swift in Sources */ = {isa = PBXBuildFile; fileRef = AD72ABA528CA2BEE00630ED4 /* UIView+Shimmering.swift */; };
		AD8151B528A690260084CDB7 /* LoadFeedFromCacheUseCaseTests.swift in Sources */ = {isa = PBXBuildFile; fileRef = AD8151B428A690260084CDB7 /* LoadFeedFromCacheUseCaseTests.swift */; };
		AD8151B828A691180084CDB7 /* FeedStoreSpy.swift in Sources */ = {isa = PBXBuildFile; fileRef = AD8151B728A691180084CDB7 /* FeedStoreSpy.swift */; };
		AD8151BA28ABA3D30084CDB7 /* ValidateFeedCacheUseCaseTests.swift in Sources */ = {isa = PBXBuildFile; fileRef = AD8151B928ABA3D30084CDB7 /* ValidateFeedCacheUseCaseTests.swift */; };
		AD8151BC28ABAE7B0084CDB7 /* FeedCacheTestHelpers.swift in Sources */ = {isa = PBXBuildFile; fileRef = AD8151BB28ABAE7B0084CDB7 /* FeedCacheTestHelpers.swift */; };
		AD8151BE28ABAF3E0084CDB7 /* SharedTestHelpers.swift in Sources */ = {isa = PBXBuildFile; fileRef = AD8151BD28ABAF3E0084CDB7 /* SharedTestHelpers.swift */; };
		AD8151C028ABCE080084CDB7 /* FeedCachePolicy.swift in Sources */ = {isa = PBXBuildFile; fileRef = AD8151BF28ABCE080084CDB7 /* FeedCachePolicy.swift */; };
		AD81522A28B636E10084CDB7 /* FeedStoreSpecs.swift in Sources */ = {isa = PBXBuildFile; fileRef = AD81522928B636E10084CDB7 /* FeedStoreSpecs.swift */; };
		AD81522C28B637640084CDB7 /* XCTestCase+FeedStoreSpecs.swift in Sources */ = {isa = PBXBuildFile; fileRef = AD81522B28B637640084CDB7 /* XCTestCase+FeedStoreSpecs.swift */; };
		AD81523028B658D00084CDB7 /* XCTestCase+FailableRetrieveFeedStoreSpecs.swift in Sources */ = {isa = PBXBuildFile; fileRef = AD81522F28B658D00084CDB7 /* XCTestCase+FailableRetrieveFeedStoreSpecs.swift */; };
		AD81523228B659850084CDB7 /* XCTestCase+FailableInsertFeedStoreSpecs.swift in Sources */ = {isa = PBXBuildFile; fileRef = AD81523128B659850084CDB7 /* XCTestCase+FailableInsertFeedStoreSpecs.swift */; };
		AD81523428B7B4450084CDB7 /* CoreDataFeedStoreTests.swift in Sources */ = {isa = PBXBuildFile; fileRef = AD81523328B7B4450084CDB7 /* CoreDataFeedStoreTests.swift */; };
		AD81523728B7B9360084CDB7 /* FeedStore.xcdatamodeld in Sources */ = {isa = PBXBuildFile; fileRef = AD81523528B7B9360084CDB7 /* FeedStore.xcdatamodeld */; };
		AD81523B28B7BCFA0084CDB7 /* CoreDataFeedStore.swift in Sources */ = {isa = PBXBuildFile; fileRef = AD81523A28B7BCFA0084CDB7 /* CoreDataFeedStore.swift */; };
		AD81523F28B9054E0084CDB7 /* XCTestCase+FailableDeleteFeedStoreSpecs.swift in Sources */ = {isa = PBXBuildFile; fileRef = AD81523E28B9054E0084CDB7 /* XCTestCase+FailableDeleteFeedStoreSpecs.swift */; };
		AD81524428B909610084CDB7 /* CoreDataHelpers.swift in Sources */ = {isa = PBXBuildFile; fileRef = AD81524328B909610084CDB7 /* CoreDataHelpers.swift */; };
		AD81524628B909C80084CDB7 /* ManagedCache.swift in Sources */ = {isa = PBXBuildFile; fileRef = AD81524528B909C80084CDB7 /* ManagedCache.swift */; };
		AD81524828B909D20084CDB7 /* ManagedFeedImage.swift in Sources */ = {isa = PBXBuildFile; fileRef = AD81524728B909D20084CDB7 /* ManagedFeedImage.swift */; };
		AD81525428BCF4E90084CDB7 /* EssentialFeedCacheIntegrationTests.swift in Sources */ = {isa = PBXBuildFile; fileRef = AD81525328BCF4E90084CDB7 /* EssentialFeedCacheIntegrationTests.swift */; };
		AD81525528BCF4E90084CDB7 /* EssentialFeed.framework in Frameworks */ = {isa = PBXBuildFile; fileRef = ADF269C928903CDF00852B52 /* EssentialFeed.framework */; };
		AD81525B28BCF7F40084CDB7 /* SharedTestHelpers.swift in Sources */ = {isa = PBXBuildFile; fileRef = AD8151BD28ABAF3E0084CDB7 /* SharedTestHelpers.swift */; };
		AD81525C28BCF7F80084CDB7 /* XCTestCase+MemoryLeakTracking.swift in Sources */ = {isa = PBXBuildFile; fileRef = ADCCFF6028996D0B00342B27 /* XCTestCase+MemoryLeakTracking.swift */; };
		AD81525D28BCFA380084CDB7 /* FeedCacheTestHelpers.swift in Sources */ = {isa = PBXBuildFile; fileRef = AD8151BB28ABAE7B0084CDB7 /* FeedCacheTestHelpers.swift */; };
		AD84E6CD28D0BF02005B3762 /* FeedImageDataLoader.swift in Sources */ = {isa = PBXBuildFile; fileRef = AD84E6CC28D0BF02005B3762 /* FeedImageDataLoader.swift */; };
		AD84E6D628D2251F005B3762 /* FeedImageCellController.swift in Sources */ = {isa = PBXBuildFile; fileRef = AD84E6D528D2251F005B3762 /* FeedImageCellController.swift */; };
		AD84E6D928D22AD4005B3762 /* FeedUIComposer.swift in Sources */ = {isa = PBXBuildFile; fileRef = AD84E6D828D22AD4005B3762 /* FeedUIComposer.swift */; };
		ADA9ABE228A2853D00FD44CF /* CacheFeedUseCaseTests.swift in Sources */ = {isa = PBXBuildFile; fileRef = ADA9ABE128A2853D00FD44CF /* CacheFeedUseCaseTests.swift */; };
		ADA9ABF628A3F80100FD44CF /* LocalFeedLoader.swift in Sources */ = {isa = PBXBuildFile; fileRef = ADA9ABF528A3F80100FD44CF /* LocalFeedLoader.swift */; };
		ADA9ABF828A3F85F00FD44CF /* FeedStore.swift in Sources */ = {isa = PBXBuildFile; fileRef = ADA9ABF728A3F85F00FD44CF /* FeedStore.swift */; };
		ADA9ABFE28A5380900FD44CF /* RemoteFeedItem.swift in Sources */ = {isa = PBXBuildFile; fileRef = ADA9ABFD28A5380900FD44CF /* RemoteFeedItem.swift */; };
		ADA9AC0028A5383500FD44CF /* LocalFeedImage.swift in Sources */ = {isa = PBXBuildFile; fileRef = ADA9ABFF28A5383500FD44CF /* LocalFeedImage.swift */; };
		ADBC2D2728953A7C006A16DF /* URLSessionHTTPClientTests.swift in Sources */ = {isa = PBXBuildFile; fileRef = ADBC2D2628953A7C006A16DF /* URLSessionHTTPClientTests.swift */; };
		ADCCFF6128996D0B00342B27 /* XCTestCase+MemoryLeakTracking.swift in Sources */ = {isa = PBXBuildFile; fileRef = ADCCFF6028996D0B00342B27 /* XCTestCase+MemoryLeakTracking.swift */; };
		ADCCFF64289AB46100342B27 /* URLSessionHTTPClient.swift in Sources */ = {isa = PBXBuildFile; fileRef = ADCCFF63289AB46100342B27 /* URLSessionHTTPClient.swift */; };
		ADCCFF6C289BD6A000342B27 /* EssentialFeedAPIEndToEndTests.swift in Sources */ = {isa = PBXBuildFile; fileRef = ADCCFF6B289BD6A000342B27 /* EssentialFeedAPIEndToEndTests.swift */; };
		ADCCFF6D289BD6A000342B27 /* EssentialFeed.framework in Frameworks */ = {isa = PBXBuildFile; fileRef = ADF269C928903CDF00852B52 /* EssentialFeed.framework */; };
		ADCCFF73289BDB1600342B27 /* XCTestCase+MemoryLeakTracking.swift in Sources */ = {isa = PBXBuildFile; fileRef = ADCCFF6028996D0B00342B27 /* XCTestCase+MemoryLeakTracking.swift */; };
		ADDDECFB28D87A2400D90590 /* FeedImageViewModel.swift in Sources */ = {isa = PBXBuildFile; fileRef = ADDDECFA28D87A2400D90590 /* FeedImageViewModel.swift */; };
		ADDDECFE28D9F11100D90590 /* FeedPresenter.swift in Sources */ = {isa = PBXBuildFile; fileRef = ADDDECFD28D9F11100D90590 /* FeedPresenter.swift */; };
		ADDDED0428DC765000D90590 /* FeedImagePresenter.swift in Sources */ = {isa = PBXBuildFile; fileRef = ADDDED0328DC765000D90590 /* FeedImagePresenter.swift */; };
		ADDDED0628E1E21B00D90590 /* Feed.storyboard in Resources */ = {isa = PBXBuildFile; fileRef = ADDDED0528E1E21B00D90590 /* Feed.storyboard */; };
		ADDDED0828E1E2A000D90590 /* Feed.xcassets in Resources */ = {isa = PBXBuildFile; fileRef = ADDDED0728E1E2A000D90590 /* Feed.xcassets */; };
		ADDDED0A28E1F1D500D90590 /* UITableView+Dequeing.swift in Sources */ = {isa = PBXBuildFile; fileRef = ADDDED0928E1F1D500D90590 /* UITableView+Dequeing.swift */; };
		ADDDED0C28E1F23A00D90590 /* UIImageView+Animations.swift in Sources */ = {isa = PBXBuildFile; fileRef = ADDDED0B28E1F23A00D90590 /* UIImageView+Animations.swift */; };
		ADE28EE428C6182900349815 /* EssentialFeediOS.framework in Frameworks */ = {isa = PBXBuildFile; fileRef = ADE28EDC28C6182900349815 /* EssentialFeediOS.framework */; };
		ADE28EF228C72F3600349815 /* FeedViewControllerTests.swift in Sources */ = {isa = PBXBuildFile; fileRef = ADE28EF128C72F3600349815 /* FeedViewControllerTests.swift */; };
		ADE28EF428C7355E00349815 /* EssentialFeed.framework in Frameworks */ = {isa = PBXBuildFile; fileRef = ADF269C928903CDF00852B52 /* EssentialFeed.framework */; platformFilter = ios; };
		ADE28EF528C7355E00349815 /* EssentialFeed.framework in Embed Frameworks */ = {isa = PBXBuildFile; fileRef = ADF269C928903CDF00852B52 /* EssentialFeed.framework */; platformFilter = ios; settings = {ATTRIBUTES = (CodeSignOnCopy, RemoveHeadersOnCopy, ); }; };
		ADE28EF928C7360700349815 /* XCTestCase+MemoryLeakTracking.swift in Sources */ = {isa = PBXBuildFile; fileRef = ADCCFF6028996D0B00342B27 /* XCTestCase+MemoryLeakTracking.swift */; };
		ADF269CD28903CDF00852B52 /* EssentialFeed.h in Headers */ = {isa = PBXBuildFile; fileRef = ADF269CC28903CDF00852B52 /* EssentialFeed.h */; settings = {ATTRIBUTES = (Public, ); }; };
		ADF269D928903CE800852B52 /* FeedLoader.swift in Sources */ = {isa = PBXBuildFile; fileRef = ADF269D628903CE800852B52 /* FeedLoader.swift */; };
		ADF269DA28903CE800852B52 /* FeedImage.swift in Sources */ = {isa = PBXBuildFile; fileRef = ADF269D728903CE800852B52 /* FeedImage.swift */; };
		ADF269E328903E1300852B52 /* EssentialFeed.framework in Frameworks */ = {isa = PBXBuildFile; fileRef = ADF269C928903CDF00852B52 /* EssentialFeed.framework */; };
		ADF269ED2890420A00852B52 /* LoadFeedFromRemoteUseCaseTests.swift in Sources */ = {isa = PBXBuildFile; fileRef = ADF269EC2890420A00852B52 /* LoadFeedFromRemoteUseCaseTests.swift */; };
		ADF26A0928928FFE00852B52 /* RemoteFeedLoader.swift in Sources */ = {isa = PBXBuildFile; fileRef = ADF26A0828928FFE00852B52 /* RemoteFeedLoader.swift */; };
		ADF26A0D28942BED00852B52 /* HTTPClient.swift in Sources */ = {isa = PBXBuildFile; fileRef = ADF26A0C28942BED00852B52 /* HTTPClient.swift */; };
		ADF26A0F28942C5E00852B52 /* FeedItemsMapper.swift in Sources */ = {isa = PBXBuildFile; fileRef = ADF26A0E28942C5E00852B52 /* FeedItemsMapper.swift */; };
/* End PBXBuildFile section */

/* Begin PBXContainerItemProxy section */
		AD81525628BCF4E90084CDB7 /* PBXContainerItemProxy */ = {
			isa = PBXContainerItemProxy;
			containerPortal = ADF269C028903CDF00852B52 /* Project object */;
			proxyType = 1;
			remoteGlobalIDString = ADF269C828903CDF00852B52;
			remoteInfo = EssentialFeed;
		};
		ADCCFF6E289BD6A000342B27 /* PBXContainerItemProxy */ = {
			isa = PBXContainerItemProxy;
			containerPortal = ADF269C028903CDF00852B52 /* Project object */;
			proxyType = 1;
			remoteGlobalIDString = ADF269C828903CDF00852B52;
			remoteInfo = EssentialFeed;
		};
		ADE28EE528C6182900349815 /* PBXContainerItemProxy */ = {
			isa = PBXContainerItemProxy;
			containerPortal = ADF269C028903CDF00852B52 /* Project object */;
			proxyType = 1;
			remoteGlobalIDString = ADE28EDB28C6182900349815;
			remoteInfo = EssentialFeediOS;
		};
		ADE28EF628C7355E00349815 /* PBXContainerItemProxy */ = {
			isa = PBXContainerItemProxy;
			containerPortal = ADF269C028903CDF00852B52 /* Project object */;
			proxyType = 1;
			remoteGlobalIDString = ADF269C828903CDF00852B52;
			remoteInfo = EssentialFeed;
		};
		ADF269E428903E1300852B52 /* PBXContainerItemProxy */ = {
			isa = PBXContainerItemProxy;
			containerPortal = ADF269C028903CDF00852B52 /* Project object */;
			proxyType = 1;
			remoteGlobalIDString = ADF269C828903CDF00852B52;
			remoteInfo = EssentialFeed;
		};
/* End PBXContainerItemProxy section */

/* Begin PBXCopyFilesBuildPhase section */
		ADE28EF828C7355E00349815 /* Embed Frameworks */ = {
			isa = PBXCopyFilesBuildPhase;
			buildActionMask = 2147483647;
			dstPath = "";
			dstSubfolderSpec = 10;
			files = (
				ADE28EF528C7355E00349815 /* EssentialFeed.framework in Embed Frameworks */,
			);
			name = "Embed Frameworks";
			runOnlyForDeploymentPostprocessing = 0;
		};
/* End PBXCopyFilesBuildPhase section */

/* Begin PBXFileReference section */
		AD72ABA028C7472E00630ED4 /* FeedViewController.swift */ = {isa = PBXFileReference; lastKnownFileType = sourcecode.swift; path = FeedViewController.swift; sourceTree = "<group>"; };
		AD72ABA228C8AD8100630ED4 /* FeedImageCell.swift */ = {isa = PBXFileReference; lastKnownFileType = sourcecode.swift; path = FeedImageCell.swift; sourceTree = "<group>"; };
		AD72ABA528CA2BEE00630ED4 /* UIView+Shimmering.swift */ = {isa = PBXFileReference; lastKnownFileType = sourcecode.swift; path = "UIView+Shimmering.swift"; sourceTree = "<group>"; };
		AD8151B428A690260084CDB7 /* LoadFeedFromCacheUseCaseTests.swift */ = {isa = PBXFileReference; lastKnownFileType = sourcecode.swift; path = LoadFeedFromCacheUseCaseTests.swift; sourceTree = "<group>"; };
		AD8151B728A691180084CDB7 /* FeedStoreSpy.swift */ = {isa = PBXFileReference; lastKnownFileType = sourcecode.swift; path = FeedStoreSpy.swift; sourceTree = "<group>"; };
		AD8151B928ABA3D30084CDB7 /* ValidateFeedCacheUseCaseTests.swift */ = {isa = PBXFileReference; lastKnownFileType = sourcecode.swift; path = ValidateFeedCacheUseCaseTests.swift; sourceTree = "<group>"; };
		AD8151BB28ABAE7B0084CDB7 /* FeedCacheTestHelpers.swift */ = {isa = PBXFileReference; lastKnownFileType = sourcecode.swift; path = FeedCacheTestHelpers.swift; sourceTree = "<group>"; };
		AD8151BD28ABAF3E0084CDB7 /* SharedTestHelpers.swift */ = {isa = PBXFileReference; lastKnownFileType = sourcecode.swift; path = SharedTestHelpers.swift; sourceTree = "<group>"; };
		AD8151BF28ABCE080084CDB7 /* FeedCachePolicy.swift */ = {isa = PBXFileReference; lastKnownFileType = sourcecode.swift; path = FeedCachePolicy.swift; sourceTree = "<group>"; };
		AD81522928B636E10084CDB7 /* FeedStoreSpecs.swift */ = {isa = PBXFileReference; lastKnownFileType = sourcecode.swift; path = FeedStoreSpecs.swift; sourceTree = "<group>"; };
		AD81522B28B637640084CDB7 /* XCTestCase+FeedStoreSpecs.swift */ = {isa = PBXFileReference; lastKnownFileType = sourcecode.swift; path = "XCTestCase+FeedStoreSpecs.swift"; sourceTree = "<group>"; };
		AD81522F28B658D00084CDB7 /* XCTestCase+FailableRetrieveFeedStoreSpecs.swift */ = {isa = PBXFileReference; lastKnownFileType = sourcecode.swift; path = "XCTestCase+FailableRetrieveFeedStoreSpecs.swift"; sourceTree = "<group>"; };
		AD81523128B659850084CDB7 /* XCTestCase+FailableInsertFeedStoreSpecs.swift */ = {isa = PBXFileReference; lastKnownFileType = sourcecode.swift; path = "XCTestCase+FailableInsertFeedStoreSpecs.swift"; sourceTree = "<group>"; };
		AD81523328B7B4450084CDB7 /* CoreDataFeedStoreTests.swift */ = {isa = PBXFileReference; lastKnownFileType = sourcecode.swift; path = CoreDataFeedStoreTests.swift; sourceTree = "<group>"; };
		AD81523628B7B9360084CDB7 /* FeedStore.xcdatamodel */ = {isa = PBXFileReference; lastKnownFileType = wrapper.xcdatamodel; path = FeedStore.xcdatamodel; sourceTree = "<group>"; };
		AD81523A28B7BCFA0084CDB7 /* CoreDataFeedStore.swift */ = {isa = PBXFileReference; lastKnownFileType = sourcecode.swift; path = CoreDataFeedStore.swift; sourceTree = "<group>"; };
		AD81523E28B9054E0084CDB7 /* XCTestCase+FailableDeleteFeedStoreSpecs.swift */ = {isa = PBXFileReference; lastKnownFileType = sourcecode.swift; path = "XCTestCase+FailableDeleteFeedStoreSpecs.swift"; sourceTree = "<group>"; };
		AD81524328B909610084CDB7 /* CoreDataHelpers.swift */ = {isa = PBXFileReference; lastKnownFileType = sourcecode.swift; path = CoreDataHelpers.swift; sourceTree = "<group>"; };
		AD81524528B909C80084CDB7 /* ManagedCache.swift */ = {isa = PBXFileReference; lastKnownFileType = sourcecode.swift; path = ManagedCache.swift; sourceTree = "<group>"; };
		AD81524728B909D20084CDB7 /* ManagedFeedImage.swift */ = {isa = PBXFileReference; lastKnownFileType = sourcecode.swift; path = ManagedFeedImage.swift; sourceTree = "<group>"; };
		AD81525128BCF4E90084CDB7 /* EssentialFeedCacheIntegrationTests.xctest */ = {isa = PBXFileReference; explicitFileType = wrapper.cfbundle; includeInIndex = 0; path = EssentialFeedCacheIntegrationTests.xctest; sourceTree = BUILT_PRODUCTS_DIR; };
		AD81525328BCF4E90084CDB7 /* EssentialFeedCacheIntegrationTests.swift */ = {isa = PBXFileReference; lastKnownFileType = sourcecode.swift; path = EssentialFeedCacheIntegrationTests.swift; sourceTree = "<group>"; };
		AD84E6CC28D0BF02005B3762 /* FeedImageDataLoader.swift */ = {isa = PBXFileReference; lastKnownFileType = sourcecode.swift; path = FeedImageDataLoader.swift; sourceTree = "<group>"; };
		AD84E6D528D2251F005B3762 /* FeedImageCellController.swift */ = {isa = PBXFileReference; lastKnownFileType = sourcecode.swift; path = FeedImageCellController.swift; sourceTree = "<group>"; };
		AD84E6D828D22AD4005B3762 /* FeedUIComposer.swift */ = {isa = PBXFileReference; lastKnownFileType = sourcecode.swift; path = FeedUIComposer.swift; sourceTree = "<group>"; };
		ADA9ABE128A2853D00FD44CF /* CacheFeedUseCaseTests.swift */ = {isa = PBXFileReference; lastKnownFileType = sourcecode.swift; path = CacheFeedUseCaseTests.swift; sourceTree = "<group>"; };
		ADA9ABF528A3F80100FD44CF /* LocalFeedLoader.swift */ = {isa = PBXFileReference; lastKnownFileType = sourcecode.swift; path = LocalFeedLoader.swift; sourceTree = "<group>"; };
		ADA9ABF728A3F85F00FD44CF /* FeedStore.swift */ = {isa = PBXFileReference; lastKnownFileType = sourcecode.swift; path = FeedStore.swift; sourceTree = "<group>"; };
		ADA9ABFD28A5380900FD44CF /* RemoteFeedItem.swift */ = {isa = PBXFileReference; lastKnownFileType = sourcecode.swift; path = RemoteFeedItem.swift; sourceTree = "<group>"; };
		ADA9ABFF28A5383500FD44CF /* LocalFeedImage.swift */ = {isa = PBXFileReference; lastKnownFileType = sourcecode.swift; path = LocalFeedImage.swift; sourceTree = "<group>"; };
		ADBC2D2628953A7C006A16DF /* URLSessionHTTPClientTests.swift */ = {isa = PBXFileReference; lastKnownFileType = sourcecode.swift; path = URLSessionHTTPClientTests.swift; sourceTree = "<group>"; };
		ADCCFF6028996D0B00342B27 /* XCTestCase+MemoryLeakTracking.swift */ = {isa = PBXFileReference; lastKnownFileType = sourcecode.swift; path = "XCTestCase+MemoryLeakTracking.swift"; sourceTree = "<group>"; };
		ADCCFF63289AB46100342B27 /* URLSessionHTTPClient.swift */ = {isa = PBXFileReference; lastKnownFileType = sourcecode.swift; path = URLSessionHTTPClient.swift; sourceTree = "<group>"; };
		ADCCFF69289BD6A000342B27 /* EssentialFeedAPIEndToEndTests.xctest */ = {isa = PBXFileReference; explicitFileType = wrapper.cfbundle; includeInIndex = 0; path = EssentialFeedAPIEndToEndTests.xctest; sourceTree = BUILT_PRODUCTS_DIR; };
		ADCCFF6B289BD6A000342B27 /* EssentialFeedAPIEndToEndTests.swift */ = {isa = PBXFileReference; lastKnownFileType = sourcecode.swift; path = EssentialFeedAPIEndToEndTests.swift; sourceTree = "<group>"; };
		ADDDECFA28D87A2400D90590 /* FeedImageViewModel.swift */ = {isa = PBXFileReference; lastKnownFileType = sourcecode.swift; path = FeedImageViewModel.swift; sourceTree = "<group>"; };
		ADDDECFD28D9F11100D90590 /* FeedPresenter.swift */ = {isa = PBXFileReference; lastKnownFileType = sourcecode.swift; path = FeedPresenter.swift; sourceTree = "<group>"; };
		ADDDED0328DC765000D90590 /* FeedImagePresenter.swift */ = {isa = PBXFileReference; lastKnownFileType = sourcecode.swift; path = FeedImagePresenter.swift; sourceTree = "<group>"; };
		ADDDED0528E1E21B00D90590 /* Feed.storyboard */ = {isa = PBXFileReference; lastKnownFileType = file.storyboard; path = Feed.storyboard; sourceTree = "<group>"; };
		ADDDED0728E1E2A000D90590 /* Feed.xcassets */ = {isa = PBXFileReference; lastKnownFileType = folder.assetcatalog; path = Feed.xcassets; sourceTree = "<group>"; };
		ADDDED0928E1F1D500D90590 /* UITableView+Dequeing.swift */ = {isa = PBXFileReference; lastKnownFileType = sourcecode.swift; path = "UITableView+Dequeing.swift"; sourceTree = "<group>"; };
		ADDDED0B28E1F23A00D90590 /* UIImageView+Animations.swift */ = {isa = PBXFileReference; lastKnownFileType = sourcecode.swift; path = "UIImageView+Animations.swift"; sourceTree = "<group>"; };
		ADE28EDC28C6182900349815 /* EssentialFeediOS.framework */ = {isa = PBXFileReference; explicitFileType = wrapper.framework; includeInIndex = 0; path = EssentialFeediOS.framework; sourceTree = BUILT_PRODUCTS_DIR; };
		ADE28EE328C6182900349815 /* EssentialFeediOSTests.xctest */ = {isa = PBXFileReference; explicitFileType = wrapper.cfbundle; includeInIndex = 0; path = EssentialFeediOSTests.xctest; sourceTree = BUILT_PRODUCTS_DIR; };
		ADE28EF128C72F3600349815 /* FeedViewControllerTests.swift */ = {isa = PBXFileReference; lastKnownFileType = sourcecode.swift; path = FeedViewControllerTests.swift; sourceTree = "<group>"; };
		ADF269C928903CDF00852B52 /* EssentialFeed.framework */ = {isa = PBXFileReference; explicitFileType = wrapper.framework; includeInIndex = 0; path = EssentialFeed.framework; sourceTree = BUILT_PRODUCTS_DIR; };
		ADF269CC28903CDF00852B52 /* EssentialFeed.h */ = {isa = PBXFileReference; lastKnownFileType = sourcecode.c.h; path = EssentialFeed.h; sourceTree = "<group>"; };
		ADF269D628903CE800852B52 /* FeedLoader.swift */ = {isa = PBXFileReference; fileEncoding = 4; lastKnownFileType = sourcecode.swift; path = FeedLoader.swift; sourceTree = "<group>"; };
		ADF269D728903CE800852B52 /* FeedImage.swift */ = {isa = PBXFileReference; fileEncoding = 4; lastKnownFileType = sourcecode.swift; path = FeedImage.swift; sourceTree = "<group>"; };
		ADF269DF28903E1300852B52 /* EssentialFeedTests.xctest */ = {isa = PBXFileReference; explicitFileType = wrapper.cfbundle; includeInIndex = 0; path = EssentialFeedTests.xctest; sourceTree = BUILT_PRODUCTS_DIR; };
		ADF269EC2890420A00852B52 /* LoadFeedFromRemoteUseCaseTests.swift */ = {isa = PBXFileReference; lastKnownFileType = sourcecode.swift; path = LoadFeedFromRemoteUseCaseTests.swift; sourceTree = "<group>"; };
		ADF26A0828928FFE00852B52 /* RemoteFeedLoader.swift */ = {isa = PBXFileReference; lastKnownFileType = sourcecode.swift; path = RemoteFeedLoader.swift; sourceTree = "<group>"; };
		ADF26A0C28942BED00852B52 /* HTTPClient.swift */ = {isa = PBXFileReference; lastKnownFileType = sourcecode.swift; path = HTTPClient.swift; sourceTree = "<group>"; };
		ADF26A0E28942C5E00852B52 /* FeedItemsMapper.swift */ = {isa = PBXFileReference; lastKnownFileType = sourcecode.swift; path = FeedItemsMapper.swift; sourceTree = "<group>"; };
/* End PBXFileReference section */

/* Begin PBXFrameworksBuildPhase section */
		AD81524E28BCF4E90084CDB7 /* Frameworks */ = {
			isa = PBXFrameworksBuildPhase;
			buildActionMask = 2147483647;
			files = (
				AD81525528BCF4E90084CDB7 /* EssentialFeed.framework in Frameworks */,
			);
			runOnlyForDeploymentPostprocessing = 0;
		};
		ADCCFF66289BD6A000342B27 /* Frameworks */ = {
			isa = PBXFrameworksBuildPhase;
			buildActionMask = 2147483647;
			files = (
				ADCCFF6D289BD6A000342B27 /* EssentialFeed.framework in Frameworks */,
			);
			runOnlyForDeploymentPostprocessing = 0;
		};
		ADE28ED928C6182900349815 /* Frameworks */ = {
			isa = PBXFrameworksBuildPhase;
			buildActionMask = 2147483647;
			files = (
				ADE28EF428C7355E00349815 /* EssentialFeed.framework in Frameworks */,
			);
			runOnlyForDeploymentPostprocessing = 0;
		};
		ADE28EE028C6182900349815 /* Frameworks */ = {
			isa = PBXFrameworksBuildPhase;
			buildActionMask = 2147483647;
			files = (
				ADE28EE428C6182900349815 /* EssentialFeediOS.framework in Frameworks */,
			);
			runOnlyForDeploymentPostprocessing = 0;
		};
		ADF269C628903CDF00852B52 /* Frameworks */ = {
			isa = PBXFrameworksBuildPhase;
			buildActionMask = 2147483647;
			files = (
			);
			runOnlyForDeploymentPostprocessing = 0;
		};
		ADF269DC28903E1300852B52 /* Frameworks */ = {
			isa = PBXFrameworksBuildPhase;
			buildActionMask = 2147483647;
			files = (
				ADF269E328903E1300852B52 /* EssentialFeed.framework in Frameworks */,
			);
			runOnlyForDeploymentPostprocessing = 0;
		};
/* End PBXFrameworksBuildPhase section */

/* Begin PBXGroup section */
		AD8151B628A691080084CDB7 /* Helpers */ = {
			isa = PBXGroup;
			children = (
				AD8151B728A691180084CDB7 /* FeedStoreSpy.swift */,
				AD8151BB28ABAE7B0084CDB7 /* FeedCacheTestHelpers.swift */,
			);
			path = Helpers;
			sourceTree = "<group>";
		};
		AD81523D28B904F30084CDB7 /* FeedStoreSpecs */ = {
			isa = PBXGroup;
			children = (
				AD81522928B636E10084CDB7 /* FeedStoreSpecs.swift */,
				AD81522B28B637640084CDB7 /* XCTestCase+FeedStoreSpecs.swift */,
				AD81522F28B658D00084CDB7 /* XCTestCase+FailableRetrieveFeedStoreSpecs.swift */,
				AD81523128B659850084CDB7 /* XCTestCase+FailableInsertFeedStoreSpecs.swift */,
				AD81523E28B9054E0084CDB7 /* XCTestCase+FailableDeleteFeedStoreSpecs.swift */,
			);
			path = FeedStoreSpecs;
			sourceTree = "<group>";
		};
		AD81524028B908DA0084CDB7 /* Infrastructure */ = {
			isa = PBXGroup;
			children = (
				AD81524128B908E80084CDB7 /* CoreData */,
			);
			path = Infrastructure;
			sourceTree = "<group>";
		};
		AD81524128B908E80084CDB7 /* CoreData */ = {
			isa = PBXGroup;
			children = (
				AD81523528B7B9360084CDB7 /* FeedStore.xcdatamodeld */,
				AD81523A28B7BCFA0084CDB7 /* CoreDataFeedStore.swift */,
				AD81524328B909610084CDB7 /* CoreDataHelpers.swift */,
				AD81524528B909C80084CDB7 /* ManagedCache.swift */,
				AD81524728B909D20084CDB7 /* ManagedFeedImage.swift */,
			);
			path = CoreData;
			sourceTree = "<group>";
		};
		AD81525228BCF4E90084CDB7 /* EssentialFeedCacheIntegrationTests */ = {
			isa = PBXGroup;
			children = (
				AD81525328BCF4E90084CDB7 /* EssentialFeedCacheIntegrationTests.swift */,
			);
			path = EssentialFeedCacheIntegrationTests;
			sourceTree = "<group>";
		};
		AD84E6C828D0BEB6005B3762 /* Feed Image Loader */ = {
			isa = PBXGroup;
			children = (
				AD84E6CC28D0BF02005B3762 /* FeedImageDataLoader.swift */,
			);
			path = "Feed Image Loader";
			sourceTree = "<group>";
		};
		AD84E6C928D0BECD005B3762 /* Feed UI */ = {
			isa = PBXGroup;
			children = (
				AD84E6D728D22ABE005B3762 /* Composers */,
				AD84E6CA28D0BED8005B3762 /* Controllers */,
				AD84E6CB28D0BEE1005B3762 /* Views */,
			);
			path = "Feed UI";
			sourceTree = "<group>";
		};
		AD84E6CA28D0BED8005B3762 /* Controllers */ = {
			isa = PBXGroup;
			children = (
				AD72ABA028C7472E00630ED4 /* FeedViewController.swift */,
				AD84E6D528D2251F005B3762 /* FeedImageCellController.swift */,
			);
			path = Controllers;
			sourceTree = "<group>";
		};
		AD84E6CB28D0BEE1005B3762 /* Views */ = {
			isa = PBXGroup;
			children = (
				AD72ABA228C8AD8100630ED4 /* FeedImageCell.swift */,
				AD72ABA528CA2BEE00630ED4 /* UIView+Shimmering.swift */,
				ADDDED0528E1E21B00D90590 /* Feed.storyboard */,
				ADDDED0728E1E2A000D90590 /* Feed.xcassets */,
				ADDDED0928E1F1D500D90590 /* UITableView+Dequeing.swift */,
				ADDDED0B28E1F23A00D90590 /* UIImageView+Animations.swift */,
			);
			path = Views;
			sourceTree = "<group>";
		};
		AD84E6D728D22ABE005B3762 /* Composers */ = {
			isa = PBXGroup;
			children = (
				AD84E6D828D22AD4005B3762 /* FeedUIComposer.swift */,
			);
			path = Composers;
			sourceTree = "<group>";
		};
		ADA9ABE028A2850200FD44CF /* Feed Cache */ = {
			isa = PBXGroup;
			children = (
				AD81523D28B904F30084CDB7 /* FeedStoreSpecs */,
				AD8151B628A691080084CDB7 /* Helpers */,
				ADA9ABE128A2853D00FD44CF /* CacheFeedUseCaseTests.swift */,
				AD8151B428A690260084CDB7 /* LoadFeedFromCacheUseCaseTests.swift */,
				AD8151B928ABA3D30084CDB7 /* ValidateFeedCacheUseCaseTests.swift */,
				AD81523328B7B4450084CDB7 /* CoreDataFeedStoreTests.swift */,
			);
			path = "Feed Cache";
			sourceTree = "<group>";
		};
		ADA9ABF428A3F7DD00FD44CF /* Feed Cache */ = {
			isa = PBXGroup;
			children = (
				AD81524028B908DA0084CDB7 /* Infrastructure */,
				ADA9ABF528A3F80100FD44CF /* LocalFeedLoader.swift */,
				ADA9ABF728A3F85F00FD44CF /* FeedStore.swift */,
				ADA9ABFF28A5383500FD44CF /* LocalFeedImage.swift */,
				AD8151BF28ABCE080084CDB7 /* FeedCachePolicy.swift */,
			);
			path = "Feed Cache";
			sourceTree = "<group>";
		};
		ADCCFF5F28996CDF00342B27 /* Helpers */ = {
			isa = PBXGroup;
			children = (
				ADCCFF6028996D0B00342B27 /* XCTestCase+MemoryLeakTracking.swift */,
				AD8151BD28ABAF3E0084CDB7 /* SharedTestHelpers.swift */,
			);
			path = Helpers;
			sourceTree = "<group>";
		};
		ADCCFF6A289BD6A000342B27 /* EssentialFeedAPIEndToEndTests */ = {
			isa = PBXGroup;
			children = (
				ADCCFF6B289BD6A000342B27 /* EssentialFeedAPIEndToEndTests.swift */,
			);
			path = EssentialFeedAPIEndToEndTests;
			sourceTree = "<group>";
		};
		ADDDECFC28D9F0CF00D90590 /* Feed Presentation */ = {
			isa = PBXGroup;
			children = (
				ADDDECFD28D9F11100D90590 /* FeedPresenter.swift */,
				ADDDECFA28D87A2400D90590 /* FeedImageViewModel.swift */,
				ADDDED0328DC765000D90590 /* FeedImagePresenter.swift */,
			);
			path = "Feed Presentation";
			sourceTree = "<group>";
		};
		ADE28EDD28C6182900349815 /* EssentialFeediOS */ = {
			isa = PBXGroup;
			children = (
				AD84E6C828D0BEB6005B3762 /* Feed Image Loader */,
				ADDDECFC28D9F0CF00D90590 /* Feed Presentation */,
				AD84E6C928D0BECD005B3762 /* Feed UI */,
			);
			path = EssentialFeediOS;
			sourceTree = "<group>";
		};
		ADE28EE728C6182900349815 /* EssentialFeediOSTests */ = {
			isa = PBXGroup;
			children = (
				ADE28EF128C72F3600349815 /* FeedViewControllerTests.swift */,
			);
			path = EssentialFeediOSTests;
			sourceTree = "<group>";
		};
		ADE28EF328C7355E00349815 /* Frameworks */ = {
			isa = PBXGroup;
			children = (
			);
			name = Frameworks;
			sourceTree = "<group>";
		};
		ADF269BF28903CDF00852B52 = {
			isa = PBXGroup;
			children = (
				ADF269CB28903CDF00852B52 /* EssentialFeed */,
				ADF269E028903E1300852B52 /* EssentialFeedTests */,
				ADCCFF6A289BD6A000342B27 /* EssentialFeedAPIEndToEndTests */,
				AD81525228BCF4E90084CDB7 /* EssentialFeedCacheIntegrationTests */,
				ADE28EDD28C6182900349815 /* EssentialFeediOS */,
				ADE28EE728C6182900349815 /* EssentialFeediOSTests */,
				ADF269CA28903CDF00852B52 /* Products */,
				ADE28EF328C7355E00349815 /* Frameworks */,
			);
			sourceTree = "<group>";
		};
		ADF269CA28903CDF00852B52 /* Products */ = {
			isa = PBXGroup;
			children = (
				ADF269C928903CDF00852B52 /* EssentialFeed.framework */,
				ADF269DF28903E1300852B52 /* EssentialFeedTests.xctest */,
				ADCCFF69289BD6A000342B27 /* EssentialFeedAPIEndToEndTests.xctest */,
				AD81525128BCF4E90084CDB7 /* EssentialFeedCacheIntegrationTests.xctest */,
				ADE28EDC28C6182900349815 /* EssentialFeediOS.framework */,
				ADE28EE328C6182900349815 /* EssentialFeediOSTests.xctest */,
			);
			name = Products;
			sourceTree = "<group>";
		};
		ADF269CB28903CDF00852B52 /* EssentialFeed */ = {
			isa = PBXGroup;
			children = (
				ADA9ABF428A3F7DD00FD44CF /* Feed Cache */,
				ADF269D528903CE800852B52 /* Feed Feature */,
				ADF26A0728928FCC00852B52 /* Feed API */,
				ADF269CC28903CDF00852B52 /* EssentialFeed.h */,
			);
			path = EssentialFeed;
			sourceTree = "<group>";
		};
		ADF269D528903CE800852B52 /* Feed Feature */ = {
			isa = PBXGroup;
			children = (
				ADF269D628903CE800852B52 /* FeedLoader.swift */,
				ADF269D728903CE800852B52 /* FeedImage.swift */,
			);
			path = "Feed Feature";
			sourceTree = "<group>";
		};
		ADF269E028903E1300852B52 /* EssentialFeedTests */ = {
			isa = PBXGroup;
			children = (
				ADCCFF5F28996CDF00342B27 /* Helpers */,
				ADA9ABE028A2850200FD44CF /* Feed Cache */,
				ADF26A102894343100852B52 /* FeedAPI */,
			);
			path = EssentialFeedTests;
			sourceTree = "<group>";
		};
		ADF26A0728928FCC00852B52 /* Feed API */ = {
			isa = PBXGroup;
			children = (
				ADF26A0828928FFE00852B52 /* RemoteFeedLoader.swift */,
				ADF26A0E28942C5E00852B52 /* FeedItemsMapper.swift */,
				ADF26A0C28942BED00852B52 /* HTTPClient.swift */,
				ADCCFF63289AB46100342B27 /* URLSessionHTTPClient.swift */,
				ADA9ABFD28A5380900FD44CF /* RemoteFeedItem.swift */,
			);
			path = "Feed API";
			sourceTree = "<group>";
		};
		ADF26A102894343100852B52 /* FeedAPI */ = {
			isa = PBXGroup;
			children = (
				ADF269EC2890420A00852B52 /* LoadFeedFromRemoteUseCaseTests.swift */,
				ADBC2D2628953A7C006A16DF /* URLSessionHTTPClientTests.swift */,
			);
			path = FeedAPI;
			sourceTree = "<group>";
		};
/* End PBXGroup section */

/* Begin PBXHeadersBuildPhase section */
		ADE28ED728C6182900349815 /* Headers */ = {
			isa = PBXHeadersBuildPhase;
			buildActionMask = 2147483647;
			files = (
			);
			runOnlyForDeploymentPostprocessing = 0;
		};
		ADF269C428903CDF00852B52 /* Headers */ = {
			isa = PBXHeadersBuildPhase;
			buildActionMask = 2147483647;
			files = (
				ADF269CD28903CDF00852B52 /* EssentialFeed.h in Headers */,
			);
			runOnlyForDeploymentPostprocessing = 0;
		};
/* End PBXHeadersBuildPhase section */

/* Begin PBXNativeTarget section */
		AD81525028BCF4E90084CDB7 /* EssentialFeedCacheIntegrationTests */ = {
			isa = PBXNativeTarget;
			buildConfigurationList = AD81525828BCF4E90084CDB7 /* Build configuration list for PBXNativeTarget "EssentialFeedCacheIntegrationTests" */;
			buildPhases = (
				AD81524D28BCF4E90084CDB7 /* Sources */,
				AD81524E28BCF4E90084CDB7 /* Frameworks */,
				AD81524F28BCF4E90084CDB7 /* Resources */,
			);
			buildRules = (
			);
			dependencies = (
				AD81525728BCF4E90084CDB7 /* PBXTargetDependency */,
			);
			name = EssentialFeedCacheIntegrationTests;
			productName = EssentialFeedCacheIntegrationTests;
			productReference = AD81525128BCF4E90084CDB7 /* EssentialFeedCacheIntegrationTests.xctest */;
			productType = "com.apple.product-type.bundle.unit-test";
		};
		ADCCFF68289BD6A000342B27 /* EssentialFeedAPIEndToEndTests */ = {
			isa = PBXNativeTarget;
			buildConfigurationList = ADCCFF70289BD6A000342B27 /* Build configuration list for PBXNativeTarget "EssentialFeedAPIEndToEndTests" */;
			buildPhases = (
				ADCCFF65289BD6A000342B27 /* Sources */,
				ADCCFF66289BD6A000342B27 /* Frameworks */,
				ADCCFF67289BD6A000342B27 /* Resources */,
			);
			buildRules = (
			);
			dependencies = (
				ADCCFF6F289BD6A000342B27 /* PBXTargetDependency */,
			);
			name = EssentialFeedAPIEndToEndTests;
			productName = EssentialFeedAPIEndToEndTests;
			productReference = ADCCFF69289BD6A000342B27 /* EssentialFeedAPIEndToEndTests.xctest */;
			productType = "com.apple.product-type.bundle.unit-test";
		};
		ADE28EDB28C6182900349815 /* EssentialFeediOS */ = {
			isa = PBXNativeTarget;
			buildConfigurationList = ADE28EEF28C6182900349815 /* Build configuration list for PBXNativeTarget "EssentialFeediOS" */;
			buildPhases = (
				ADE28ED728C6182900349815 /* Headers */,
				ADE28ED828C6182900349815 /* Sources */,
				ADE28ED928C6182900349815 /* Frameworks */,
				ADE28EDA28C6182900349815 /* Resources */,
				ADE28EF828C7355E00349815 /* Embed Frameworks */,
			);
			buildRules = (
			);
			dependencies = (
				ADE28EF728C7355E00349815 /* PBXTargetDependency */,
			);
			name = EssentialFeediOS;
			productName = EssentialFeediOS;
			productReference = ADE28EDC28C6182900349815 /* EssentialFeediOS.framework */;
			productType = "com.apple.product-type.framework";
		};
		ADE28EE228C6182900349815 /* EssentialFeediOSTests */ = {
			isa = PBXNativeTarget;
			buildConfigurationList = ADE28EF028C6182900349815 /* Build configuration list for PBXNativeTarget "EssentialFeediOSTests" */;
			buildPhases = (
				ADE28EDF28C6182900349815 /* Sources */,
				ADE28EE028C6182900349815 /* Frameworks */,
				ADE28EE128C6182900349815 /* Resources */,
			);
			buildRules = (
			);
			dependencies = (
				ADE28EE628C6182900349815 /* PBXTargetDependency */,
			);
			name = EssentialFeediOSTests;
			productName = EssentialFeediOSTests;
			productReference = ADE28EE328C6182900349815 /* EssentialFeediOSTests.xctest */;
			productType = "com.apple.product-type.bundle.unit-test";
		};
		ADF269C828903CDF00852B52 /* EssentialFeed */ = {
			isa = PBXNativeTarget;
			buildConfigurationList = ADF269D028903CDF00852B52 /* Build configuration list for PBXNativeTarget "EssentialFeed" */;
			buildPhases = (
				ADF269C428903CDF00852B52 /* Headers */,
				ADF269C528903CDF00852B52 /* Sources */,
				ADF269C628903CDF00852B52 /* Frameworks */,
				ADF269C728903CDF00852B52 /* Resources */,
			);
			buildRules = (
			);
			dependencies = (
			);
			name = EssentialFeed;
			productName = EssentialFeed;
			productReference = ADF269C928903CDF00852B52 /* EssentialFeed.framework */;
			productType = "com.apple.product-type.framework";
		};
		ADF269DE28903E1300852B52 /* EssentialFeedTests */ = {
			isa = PBXNativeTarget;
			buildConfigurationList = ADF269E628903E1300852B52 /* Build configuration list for PBXNativeTarget "EssentialFeedTests" */;
			buildPhases = (
				ADF269DB28903E1300852B52 /* Sources */,
				ADF269DC28903E1300852B52 /* Frameworks */,
				ADF269DD28903E1300852B52 /* Resources */,
			);
			buildRules = (
			);
			dependencies = (
				ADF269E528903E1300852B52 /* PBXTargetDependency */,
			);
			name = EssentialFeedTests;
			productName = EssentialFeedTests;
			productReference = ADF269DF28903E1300852B52 /* EssentialFeedTests.xctest */;
			productType = "com.apple.product-type.bundle.unit-test";
		};
/* End PBXNativeTarget section */

/* Begin PBXProject section */
		ADF269C028903CDF00852B52 /* Project object */ = {
			isa = PBXProject;
			attributes = {
				BuildIndependentTargetsInParallel = 1;
				LastSwiftUpdateCheck = 1340;
				LastUpgradeCheck = 1400;
				TargetAttributes = {
					AD81525028BCF4E90084CDB7 = {
						CreatedOnToolsVersion = 13.4.1;
					};
					ADCCFF68289BD6A000342B27 = {
						CreatedOnToolsVersion = 13.4.1;
					};
					ADE28EDB28C6182900349815 = {
						CreatedOnToolsVersion = 13.4.1;
						LastSwiftMigration = 1340;
					};
					ADE28EE228C6182900349815 = {
						CreatedOnToolsVersion = 13.4.1;
						LastSwiftMigration = 1340;
					};
					ADF269C828903CDF00852B52 = {
						CreatedOnToolsVersion = 13.4.1;
					};
					ADF269DE28903E1300852B52 = {
						CreatedOnToolsVersion = 13.4.1;
						LastSwiftMigration = 1340;
					};
				};
			};
			buildConfigurationList = ADF269C328903CDF00852B52 /* Build configuration list for PBXProject "EssentialFeed" */;
			compatibilityVersion = "Xcode 13.0";
			developmentRegion = en;
			hasScannedForEncodings = 0;
			knownRegions = (
				en,
				Base,
			);
			mainGroup = ADF269BF28903CDF00852B52;
			productRefGroup = ADF269CA28903CDF00852B52 /* Products */;
			projectDirPath = "";
			projectRoot = "";
			targets = (
				ADF269C828903CDF00852B52 /* EssentialFeed */,
				ADF269DE28903E1300852B52 /* EssentialFeedTests */,
				ADCCFF68289BD6A000342B27 /* EssentialFeedAPIEndToEndTests */,
				AD81525028BCF4E90084CDB7 /* EssentialFeedCacheIntegrationTests */,
				ADE28EDB28C6182900349815 /* EssentialFeediOS */,
				ADE28EE228C6182900349815 /* EssentialFeediOSTests */,
			);
		};
/* End PBXProject section */

/* Begin PBXResourcesBuildPhase section */
		AD81524F28BCF4E90084CDB7 /* Resources */ = {
			isa = PBXResourcesBuildPhase;
			buildActionMask = 2147483647;
			files = (
			);
			runOnlyForDeploymentPostprocessing = 0;
		};
		ADCCFF67289BD6A000342B27 /* Resources */ = {
			isa = PBXResourcesBuildPhase;
			buildActionMask = 2147483647;
			files = (
			);
			runOnlyForDeploymentPostprocessing = 0;
		};
		ADE28EDA28C6182900349815 /* Resources */ = {
			isa = PBXResourcesBuildPhase;
			buildActionMask = 2147483647;
			files = (
				ADDDED0628E1E21B00D90590 /* Feed.storyboard in Resources */,
				ADDDED0828E1E2A000D90590 /* Feed.xcassets in Resources */,
			);
			runOnlyForDeploymentPostprocessing = 0;
		};
		ADE28EE128C6182900349815 /* Resources */ = {
			isa = PBXResourcesBuildPhase;
			buildActionMask = 2147483647;
			files = (
			);
			runOnlyForDeploymentPostprocessing = 0;
		};
		ADF269C728903CDF00852B52 /* Resources */ = {
			isa = PBXResourcesBuildPhase;
			buildActionMask = 2147483647;
			files = (
			);
			runOnlyForDeploymentPostprocessing = 0;
		};
		ADF269DD28903E1300852B52 /* Resources */ = {
			isa = PBXResourcesBuildPhase;
			buildActionMask = 2147483647;
			files = (
			);
			runOnlyForDeploymentPostprocessing = 0;
		};
/* End PBXResourcesBuildPhase section */

/* Begin PBXSourcesBuildPhase section */
		AD81524D28BCF4E90084CDB7 /* Sources */ = {
			isa = PBXSourcesBuildPhase;
			buildActionMask = 2147483647;
			files = (
				AD81525D28BCFA380084CDB7 /* FeedCacheTestHelpers.swift in Sources */,
				AD81525B28BCF7F40084CDB7 /* SharedTestHelpers.swift in Sources */,
				AD81525428BCF4E90084CDB7 /* EssentialFeedCacheIntegrationTests.swift in Sources */,
				AD81525C28BCF7F80084CDB7 /* XCTestCase+MemoryLeakTracking.swift in Sources */,
			);
			runOnlyForDeploymentPostprocessing = 0;
		};
		ADCCFF65289BD6A000342B27 /* Sources */ = {
			isa = PBXSourcesBuildPhase;
			buildActionMask = 2147483647;
			files = (
				ADCCFF6C289BD6A000342B27 /* EssentialFeedAPIEndToEndTests.swift in Sources */,
				ADCCFF73289BDB1600342B27 /* XCTestCase+MemoryLeakTracking.swift in Sources */,
			);
			runOnlyForDeploymentPostprocessing = 0;
		};
		ADE28ED828C6182900349815 /* Sources */ = {
			isa = PBXSourcesBuildPhase;
			buildActionMask = 2147483647;
			files = (
				ADDDECFE28D9F11100D90590 /* FeedPresenter.swift in Sources */,
				AD84E6CD28D0BF02005B3762 /* FeedImageDataLoader.swift in Sources */,
				AD72ABA628CA2BEE00630ED4 /* UIView+Shimmering.swift in Sources */,
				ADDDED0428DC765000D90590 /* FeedImagePresenter.swift in Sources */,
				AD72ABA128C7472E00630ED4 /* FeedViewController.swift in Sources */,
				AD72ABA328C8AD8100630ED4 /* FeedImageCell.swift in Sources */,
				AD84E6D628D2251F005B3762 /* FeedImageCellController.swift in Sources */,
				ADDDED0A28E1F1D500D90590 /* UITableView+Dequeing.swift in Sources */,
				AD84E6D928D22AD4005B3762 /* FeedUIComposer.swift in Sources */,
				ADDDECFB28D87A2400D90590 /* FeedImageViewModel.swift in Sources */,
				ADDDED0C28E1F23A00D90590 /* UIImageView+Animations.swift in Sources */,
			);
			runOnlyForDeploymentPostprocessing = 0;
		};
		ADE28EDF28C6182900349815 /* Sources */ = {
			isa = PBXSourcesBuildPhase;
			buildActionMask = 2147483647;
			files = (
				ADE28EF228C72F3600349815 /* FeedViewControllerTests.swift in Sources */,
				ADE28EF928C7360700349815 /* XCTestCase+MemoryLeakTracking.swift in Sources */,
			);
			runOnlyForDeploymentPostprocessing = 0;
		};
		ADF269C528903CDF00852B52 /* Sources */ = {
			isa = PBXSourcesBuildPhase;
			buildActionMask = 2147483647;
			files = (
				AD81524428B909610084CDB7 /* CoreDataHelpers.swift in Sources */,
				AD81523728B7B9360084CDB7 /* FeedStore.xcdatamodeld in Sources */,
				ADF26A0F28942C5E00852B52 /* FeedItemsMapper.swift in Sources */,
				ADF269DA28903CE800852B52 /* FeedImage.swift in Sources */,
				ADA9ABFE28A5380900FD44CF /* RemoteFeedItem.swift in Sources */,
				AD8151C028ABCE080084CDB7 /* FeedCachePolicy.swift in Sources */,
				ADF26A0D28942BED00852B52 /* HTTPClient.swift in Sources */,
				AD81523B28B7BCFA0084CDB7 /* CoreDataFeedStore.swift in Sources */,
				ADA9AC0028A5383500FD44CF /* LocalFeedImage.swift in Sources */,
				ADA9ABF828A3F85F00FD44CF /* FeedStore.swift in Sources */,
				ADA9ABF628A3F80100FD44CF /* LocalFeedLoader.swift in Sources */,
				ADF26A0928928FFE00852B52 /* RemoteFeedLoader.swift in Sources */,
				ADF269D928903CE800852B52 /* FeedLoader.swift in Sources */,
				AD81524628B909C80084CDB7 /* ManagedCache.swift in Sources */,
				ADCCFF64289AB46100342B27 /* URLSessionHTTPClient.swift in Sources */,
				AD81524828B909D20084CDB7 /* ManagedFeedImage.swift in Sources */,
			);
			runOnlyForDeploymentPostprocessing = 0;
		};
		ADF269DB28903E1300852B52 /* Sources */ = {
			isa = PBXSourcesBuildPhase;
			buildActionMask = 2147483647;
			files = (
				AD8151BC28ABAE7B0084CDB7 /* FeedCacheTestHelpers.swift in Sources */,
				AD81523428B7B4450084CDB7 /* CoreDataFeedStoreTests.swift in Sources */,
				AD8151BA28ABA3D30084CDB7 /* ValidateFeedCacheUseCaseTests.swift in Sources */,
				ADF269ED2890420A00852B52 /* LoadFeedFromRemoteUseCaseTests.swift in Sources */,
				ADBC2D2728953A7C006A16DF /* URLSessionHTTPClientTests.swift in Sources */,
				AD8151B828A691180084CDB7 /* FeedStoreSpy.swift in Sources */,
				AD8151BE28ABAF3E0084CDB7 /* SharedTestHelpers.swift in Sources */,
				AD81523228B659850084CDB7 /* XCTestCase+FailableInsertFeedStoreSpecs.swift in Sources */,
				ADA9ABE228A2853D00FD44CF /* CacheFeedUseCaseTests.swift in Sources */,
				AD81523028B658D00084CDB7 /* XCTestCase+FailableRetrieveFeedStoreSpecs.swift in Sources */,
				AD8151B528A690260084CDB7 /* LoadFeedFromCacheUseCaseTests.swift in Sources */,
				AD81523F28B9054E0084CDB7 /* XCTestCase+FailableDeleteFeedStoreSpecs.swift in Sources */,
				AD81522A28B636E10084CDB7 /* FeedStoreSpecs.swift in Sources */,
				ADCCFF6128996D0B00342B27 /* XCTestCase+MemoryLeakTracking.swift in Sources */,
				AD81522C28B637640084CDB7 /* XCTestCase+FeedStoreSpecs.swift in Sources */,
			);
			runOnlyForDeploymentPostprocessing = 0;
		};
/* End PBXSourcesBuildPhase section */

/* Begin PBXTargetDependency section */
		AD81525728BCF4E90084CDB7 /* PBXTargetDependency */ = {
			isa = PBXTargetDependency;
			target = ADF269C828903CDF00852B52 /* EssentialFeed */;
			targetProxy = AD81525628BCF4E90084CDB7 /* PBXContainerItemProxy */;
		};
		ADCCFF6F289BD6A000342B27 /* PBXTargetDependency */ = {
			isa = PBXTargetDependency;
			target = ADF269C828903CDF00852B52 /* EssentialFeed */;
			targetProxy = ADCCFF6E289BD6A000342B27 /* PBXContainerItemProxy */;
		};
		ADE28EE628C6182900349815 /* PBXTargetDependency */ = {
			isa = PBXTargetDependency;
			target = ADE28EDB28C6182900349815 /* EssentialFeediOS */;
			targetProxy = ADE28EE528C6182900349815 /* PBXContainerItemProxy */;
		};
		ADE28EF728C7355E00349815 /* PBXTargetDependency */ = {
			isa = PBXTargetDependency;
			platformFilter = ios;
			target = ADF269C828903CDF00852B52 /* EssentialFeed */;
			targetProxy = ADE28EF628C7355E00349815 /* PBXContainerItemProxy */;
		};
		ADF269E528903E1300852B52 /* PBXTargetDependency */ = {
			isa = PBXTargetDependency;
			target = ADF269C828903CDF00852B52 /* EssentialFeed */;
			targetProxy = ADF269E428903E1300852B52 /* PBXContainerItemProxy */;
		};
/* End PBXTargetDependency section */

/* Begin XCBuildConfiguration section */
		AD81525928BCF4E90084CDB7 /* Debug */ = {
			isa = XCBuildConfiguration;
			buildSettings = {
				CODE_SIGN_STYLE = Automatic;
				CURRENT_PROJECT_VERSION = 1;
				DEAD_CODE_STRIPPING = YES;
				DEVELOPMENT_TEAM = XHBM8GUNDR;
				GENERATE_INFOPLIST_FILE = YES;
				MARKETING_VERSION = 1.0;
				PRODUCT_BUNDLE_IDENTIFIER = mv.EssentialFeedCacheIntegrationTests;
				PRODUCT_NAME = "$(TARGET_NAME)";
				SUPPORTED_PLATFORMS = "macosx iphonesimulator iphoneos";
				SWIFT_EMIT_LOC_STRINGS = NO;
				SWIFT_VERSION = 5.0;
			};
			name = Debug;
		};
		AD81525A28BCF4E90084CDB7 /* Release */ = {
			isa = XCBuildConfiguration;
			buildSettings = {
				CODE_SIGN_STYLE = Automatic;
				CURRENT_PROJECT_VERSION = 1;
				DEAD_CODE_STRIPPING = YES;
				DEVELOPMENT_TEAM = XHBM8GUNDR;
				GENERATE_INFOPLIST_FILE = YES;
				MARKETING_VERSION = 1.0;
				PRODUCT_BUNDLE_IDENTIFIER = mv.EssentialFeedCacheIntegrationTests;
				PRODUCT_NAME = "$(TARGET_NAME)";
				SUPPORTED_PLATFORMS = "macosx iphonesimulator iphoneos";
				SWIFT_EMIT_LOC_STRINGS = NO;
				SWIFT_VERSION = 5.0;
			};
			name = Release;
		};
		ADCCFF71289BD6A000342B27 /* Debug */ = {
			isa = XCBuildConfiguration;
			buildSettings = {
				CODE_SIGN_STYLE = Automatic;
				CURRENT_PROJECT_VERSION = 1;
				DEAD_CODE_STRIPPING = YES;
				DEVELOPMENT_TEAM = XHBM8GUNDR;
				GENERATE_INFOPLIST_FILE = YES;
				MARKETING_VERSION = 1.0;
				PRODUCT_BUNDLE_IDENTIFIER = mv.EssentialFeedAPIEndToEndTests;
				PRODUCT_NAME = "$(TARGET_NAME)";
				SUPPORTED_PLATFORMS = "macosx iphonesimulator iphoneos";
				SWIFT_EMIT_LOC_STRINGS = NO;
				SWIFT_VERSION = 5.0;
			};
			name = Debug;
		};
		ADCCFF72289BD6A000342B27 /* Release */ = {
			isa = XCBuildConfiguration;
			buildSettings = {
				CODE_SIGN_STYLE = Automatic;
				CURRENT_PROJECT_VERSION = 1;
				DEAD_CODE_STRIPPING = YES;
				DEVELOPMENT_TEAM = XHBM8GUNDR;
				GENERATE_INFOPLIST_FILE = YES;
				MARKETING_VERSION = 1.0;
				PRODUCT_BUNDLE_IDENTIFIER = mv.EssentialFeedAPIEndToEndTests;
				PRODUCT_NAME = "$(TARGET_NAME)";
				SUPPORTED_PLATFORMS = "macosx iphonesimulator iphoneos";
				SWIFT_EMIT_LOC_STRINGS = NO;
				SWIFT_VERSION = 5.0;
			};
			name = Release;
		};
		ADE28EEB28C6182900349815 /* Debug */ = {
			isa = XCBuildConfiguration;
			buildSettings = {
				CLANG_ENABLE_MODULES = YES;
				CODE_SIGN_STYLE = Automatic;
				CURRENT_PROJECT_VERSION = 1;
				DEFINES_MODULE = YES;
				DEVELOPMENT_TEAM = XHBM8GUNDR;
				DYLIB_COMPATIBILITY_VERSION = 1;
				DYLIB_CURRENT_VERSION = 1;
				DYLIB_INSTALL_NAME_BASE = "@rpath";
				GENERATE_INFOPLIST_FILE = YES;
				INFOPLIST_KEY_NSHumanReadableCopyright = "";
				INSTALL_PATH = "$(LOCAL_LIBRARY_DIR)/Frameworks";
				IPHONEOS_DEPLOYMENT_TARGET = 15.5;
				LD_RUNPATH_SEARCH_PATHS = (
					"$(inherited)",
					"@executable_path/Frameworks",
					"@loader_path/Frameworks",
				);
				MARKETING_VERSION = 1.0;
				PRODUCT_BUNDLE_IDENTIFIER = mv.essentialdeveloper.EssentialFeediOS;
				PRODUCT_NAME = "$(TARGET_NAME:c99extidentifier)";
				SDKROOT = iphoneos;
				SKIP_INSTALL = YES;
				SWIFT_EMIT_LOC_STRINGS = YES;
				SWIFT_OPTIMIZATION_LEVEL = "-Onone";
				SWIFT_VERSION = 5.0;
				TARGETED_DEVICE_FAMILY = "1,2";
			};
			name = Debug;
		};
		ADE28EEC28C6182900349815 /* Release */ = {
			isa = XCBuildConfiguration;
			buildSettings = {
				CLANG_ENABLE_MODULES = YES;
				CODE_SIGN_STYLE = Automatic;
				CURRENT_PROJECT_VERSION = 1;
				DEFINES_MODULE = YES;
				DEVELOPMENT_TEAM = XHBM8GUNDR;
				DYLIB_COMPATIBILITY_VERSION = 1;
				DYLIB_CURRENT_VERSION = 1;
				DYLIB_INSTALL_NAME_BASE = "@rpath";
				GENERATE_INFOPLIST_FILE = YES;
				INFOPLIST_KEY_NSHumanReadableCopyright = "";
				INSTALL_PATH = "$(LOCAL_LIBRARY_DIR)/Frameworks";
				IPHONEOS_DEPLOYMENT_TARGET = 15.5;
				LD_RUNPATH_SEARCH_PATHS = (
					"$(inherited)",
					"@executable_path/Frameworks",
					"@loader_path/Frameworks",
				);
				MARKETING_VERSION = 1.0;
				PRODUCT_BUNDLE_IDENTIFIER = mv.essentialdeveloper.EssentialFeediOS;
				PRODUCT_NAME = "$(TARGET_NAME:c99extidentifier)";
				SDKROOT = iphoneos;
				SKIP_INSTALL = YES;
				SWIFT_EMIT_LOC_STRINGS = YES;
				SWIFT_VERSION = 5.0;
				TARGETED_DEVICE_FAMILY = "1,2";
				VALIDATE_PRODUCT = YES;
			};
			name = Release;
		};
		ADE28EED28C6182900349815 /* Debug */ = {
			isa = XCBuildConfiguration;
			buildSettings = {
				ALWAYS_EMBED_SWIFT_STANDARD_LIBRARIES = YES;
				CLANG_ENABLE_MODULES = YES;
				CODE_SIGN_STYLE = Automatic;
				CURRENT_PROJECT_VERSION = 1;
				DEVELOPMENT_TEAM = XHBM8GUNDR;
				GENERATE_INFOPLIST_FILE = YES;
				IPHONEOS_DEPLOYMENT_TARGET = 15.5;
				LD_RUNPATH_SEARCH_PATHS = (
					"$(inherited)",
					"@executable_path/Frameworks",
					"@loader_path/Frameworks",
				);
				MARKETING_VERSION = 1.0;
				PRODUCT_BUNDLE_IDENTIFIER = mv.essentialdeveloper.EssentialFeediOSTests;
				PRODUCT_NAME = "$(TARGET_NAME)";
				SDKROOT = iphoneos;
				SWIFT_EMIT_LOC_STRINGS = NO;
				SWIFT_OPTIMIZATION_LEVEL = "-Onone";
				SWIFT_VERSION = 5.0;
				TARGETED_DEVICE_FAMILY = "1,2";
			};
			name = Debug;
		};
		ADE28EEE28C6182900349815 /* Release */ = {
			isa = XCBuildConfiguration;
			buildSettings = {
				ALWAYS_EMBED_SWIFT_STANDARD_LIBRARIES = YES;
				CLANG_ENABLE_MODULES = YES;
				CODE_SIGN_STYLE = Automatic;
				CURRENT_PROJECT_VERSION = 1;
				DEVELOPMENT_TEAM = XHBM8GUNDR;
				GENERATE_INFOPLIST_FILE = YES;
				IPHONEOS_DEPLOYMENT_TARGET = 15.5;
				LD_RUNPATH_SEARCH_PATHS = (
					"$(inherited)",
					"@executable_path/Frameworks",
					"@loader_path/Frameworks",
				);
				MARKETING_VERSION = 1.0;
				PRODUCT_BUNDLE_IDENTIFIER = mv.essentialdeveloper.EssentialFeediOSTests;
				PRODUCT_NAME = "$(TARGET_NAME)";
				SDKROOT = iphoneos;
				SWIFT_EMIT_LOC_STRINGS = NO;
				SWIFT_VERSION = 5.0;
				TARGETED_DEVICE_FAMILY = "1,2";
				VALIDATE_PRODUCT = YES;
			};
			name = Release;
		};
		ADF269CE28903CDF00852B52 /* Debug */ = {
			isa = XCBuildConfiguration;
			buildSettings = {
				ALWAYS_SEARCH_USER_PATHS = NO;
				CLANG_ANALYZER_NONNULL = YES;
				CLANG_ANALYZER_NUMBER_OBJECT_CONVERSION = YES_AGGRESSIVE;
				CLANG_CXX_LANGUAGE_STANDARD = "gnu++17";
				CLANG_ENABLE_MODULES = YES;
				CLANG_ENABLE_OBJC_ARC = YES;
				CLANG_ENABLE_OBJC_WEAK = YES;
				CLANG_WARN_BLOCK_CAPTURE_AUTORELEASING = YES;
				CLANG_WARN_BOOL_CONVERSION = YES;
				CLANG_WARN_COMMA = YES;
				CLANG_WARN_CONSTANT_CONVERSION = YES;
				CLANG_WARN_DEPRECATED_OBJC_IMPLEMENTATIONS = YES;
				CLANG_WARN_DIRECT_OBJC_ISA_USAGE = YES_ERROR;
				CLANG_WARN_DOCUMENTATION_COMMENTS = YES;
				CLANG_WARN_EMPTY_BODY = YES;
				CLANG_WARN_ENUM_CONVERSION = YES;
				CLANG_WARN_INFINITE_RECURSION = YES;
				CLANG_WARN_INT_CONVERSION = YES;
				CLANG_WARN_NON_LITERAL_NULL_CONVERSION = YES;
				CLANG_WARN_OBJC_IMPLICIT_RETAIN_SELF = YES;
				CLANG_WARN_OBJC_LITERAL_CONVERSION = YES;
				CLANG_WARN_OBJC_ROOT_CLASS = YES_ERROR;
				CLANG_WARN_QUOTED_INCLUDE_IN_FRAMEWORK_HEADER = YES;
				CLANG_WARN_RANGE_LOOP_ANALYSIS = YES;
				CLANG_WARN_STRICT_PROTOTYPES = YES;
				CLANG_WARN_SUSPICIOUS_MOVE = YES;
				CLANG_WARN_UNGUARDED_AVAILABILITY = YES_AGGRESSIVE;
				CLANG_WARN_UNREACHABLE_CODE = YES;
				CLANG_WARN__DUPLICATE_METHOD_MATCH = YES;
				COPY_PHASE_STRIP = NO;
				CURRENT_PROJECT_VERSION = 1;
				DEAD_CODE_STRIPPING = YES;
				DEBUG_INFORMATION_FORMAT = dwarf;
				ENABLE_STRICT_OBJC_MSGSEND = YES;
				ENABLE_TESTABILITY = YES;
				GCC_C_LANGUAGE_STANDARD = gnu11;
				GCC_DYNAMIC_NO_PIC = NO;
				GCC_NO_COMMON_BLOCKS = YES;
				GCC_OPTIMIZATION_LEVEL = 0;
				GCC_PREPROCESSOR_DEFINITIONS = (
					"DEBUG=1",
					"$(inherited)",
				);
				GCC_WARN_64_TO_32_BIT_CONVERSION = YES;
				GCC_WARN_ABOUT_RETURN_TYPE = YES_ERROR;
				GCC_WARN_UNDECLARED_SELECTOR = YES;
				GCC_WARN_UNINITIALIZED_AUTOS = YES_AGGRESSIVE;
				GCC_WARN_UNUSED_FUNCTION = YES;
				GCC_WARN_UNUSED_VARIABLE = YES;
				IPHONEOS_DEPLOYMENT_TARGET = 15.5;
				MACOSX_DEPLOYMENT_TARGET = 12.3;
				MTL_ENABLE_DEBUG_INFO = INCLUDE_SOURCE;
				MTL_FAST_MATH = YES;
				ONLY_ACTIVE_ARCH = YES;
				SDKROOT = macosx;
				SWIFT_ACTIVE_COMPILATION_CONDITIONS = DEBUG;
				SWIFT_OPTIMIZATION_LEVEL = "-Onone";
				VERSIONING_SYSTEM = "apple-generic";
				VERSION_INFO_PREFIX = "";
			};
			name = Debug;
		};
		ADF269CF28903CDF00852B52 /* Release */ = {
			isa = XCBuildConfiguration;
			buildSettings = {
				ALWAYS_SEARCH_USER_PATHS = NO;
				CLANG_ANALYZER_NONNULL = YES;
				CLANG_ANALYZER_NUMBER_OBJECT_CONVERSION = YES_AGGRESSIVE;
				CLANG_CXX_LANGUAGE_STANDARD = "gnu++17";
				CLANG_ENABLE_MODULES = YES;
				CLANG_ENABLE_OBJC_ARC = YES;
				CLANG_ENABLE_OBJC_WEAK = YES;
				CLANG_WARN_BLOCK_CAPTURE_AUTORELEASING = YES;
				CLANG_WARN_BOOL_CONVERSION = YES;
				CLANG_WARN_COMMA = YES;
				CLANG_WARN_CONSTANT_CONVERSION = YES;
				CLANG_WARN_DEPRECATED_OBJC_IMPLEMENTATIONS = YES;
				CLANG_WARN_DIRECT_OBJC_ISA_USAGE = YES_ERROR;
				CLANG_WARN_DOCUMENTATION_COMMENTS = YES;
				CLANG_WARN_EMPTY_BODY = YES;
				CLANG_WARN_ENUM_CONVERSION = YES;
				CLANG_WARN_INFINITE_RECURSION = YES;
				CLANG_WARN_INT_CONVERSION = YES;
				CLANG_WARN_NON_LITERAL_NULL_CONVERSION = YES;
				CLANG_WARN_OBJC_IMPLICIT_RETAIN_SELF = YES;
				CLANG_WARN_OBJC_LITERAL_CONVERSION = YES;
				CLANG_WARN_OBJC_ROOT_CLASS = YES_ERROR;
				CLANG_WARN_QUOTED_INCLUDE_IN_FRAMEWORK_HEADER = YES;
				CLANG_WARN_RANGE_LOOP_ANALYSIS = YES;
				CLANG_WARN_STRICT_PROTOTYPES = YES;
				CLANG_WARN_SUSPICIOUS_MOVE = YES;
				CLANG_WARN_UNGUARDED_AVAILABILITY = YES_AGGRESSIVE;
				CLANG_WARN_UNREACHABLE_CODE = YES;
				CLANG_WARN__DUPLICATE_METHOD_MATCH = YES;
				COPY_PHASE_STRIP = NO;
				CURRENT_PROJECT_VERSION = 1;
				DEAD_CODE_STRIPPING = YES;
				DEBUG_INFORMATION_FORMAT = "dwarf-with-dsym";
				ENABLE_NS_ASSERTIONS = NO;
				ENABLE_STRICT_OBJC_MSGSEND = YES;
				GCC_C_LANGUAGE_STANDARD = gnu11;
				GCC_NO_COMMON_BLOCKS = YES;
				GCC_WARN_64_TO_32_BIT_CONVERSION = YES;
				GCC_WARN_ABOUT_RETURN_TYPE = YES_ERROR;
				GCC_WARN_UNDECLARED_SELECTOR = YES;
				GCC_WARN_UNINITIALIZED_AUTOS = YES_AGGRESSIVE;
				GCC_WARN_UNUSED_FUNCTION = YES;
				GCC_WARN_UNUSED_VARIABLE = YES;
				IPHONEOS_DEPLOYMENT_TARGET = 15.5;
				MACOSX_DEPLOYMENT_TARGET = 12.3;
				MTL_ENABLE_DEBUG_INFO = NO;
				MTL_FAST_MATH = YES;
				SDKROOT = macosx;
				SWIFT_COMPILATION_MODE = wholemodule;
				SWIFT_OPTIMIZATION_LEVEL = "-O";
				VERSIONING_SYSTEM = "apple-generic";
				VERSION_INFO_PREFIX = "";
			};
			name = Release;
		};
		ADF269D128903CDF00852B52 /* Debug */ = {
			isa = XCBuildConfiguration;
			buildSettings = {
				CODE_SIGN_STYLE = Automatic;
				COMBINE_HIDPI_IMAGES = YES;
				CURRENT_PROJECT_VERSION = 1;
				DEAD_CODE_STRIPPING = YES;
				DEFINES_MODULE = YES;
				DEVELOPMENT_TEAM = XHBM8GUNDR;
				DYLIB_COMPATIBILITY_VERSION = 1;
				DYLIB_CURRENT_VERSION = 1;
				DYLIB_INSTALL_NAME_BASE = "@rpath";
				GENERATE_INFOPLIST_FILE = YES;
				INFOPLIST_KEY_NSHumanReadableCopyright = "";
				INSTALL_PATH = "$(LOCAL_LIBRARY_DIR)/Frameworks";
				LD_RUNPATH_SEARCH_PATHS = (
					"$(inherited)",
					"@executable_path/../Frameworks",
					"@loader_path/Frameworks",
				);
				MARKETING_VERSION = 1.0;
				PRODUCT_BUNDLE_IDENTIFIER = mv.EssentialFeed;
				PRODUCT_NAME = "$(TARGET_NAME:c99extidentifier)";
				SKIP_INSTALL = YES;
				SUPPORTED_PLATFORMS = "macosx iphoneos iphonesimulator";
				SWIFT_EMIT_LOC_STRINGS = YES;
				SWIFT_VERSION = 5.0;
			};
			name = Debug;
		};
		ADF269D228903CDF00852B52 /* Release */ = {
			isa = XCBuildConfiguration;
			buildSettings = {
				CODE_SIGN_STYLE = Automatic;
				COMBINE_HIDPI_IMAGES = YES;
				CURRENT_PROJECT_VERSION = 1;
				DEAD_CODE_STRIPPING = YES;
				DEFINES_MODULE = YES;
				DEVELOPMENT_TEAM = XHBM8GUNDR;
				DYLIB_COMPATIBILITY_VERSION = 1;
				DYLIB_CURRENT_VERSION = 1;
				DYLIB_INSTALL_NAME_BASE = "@rpath";
				GENERATE_INFOPLIST_FILE = YES;
				INFOPLIST_KEY_NSHumanReadableCopyright = "";
				INSTALL_PATH = "$(LOCAL_LIBRARY_DIR)/Frameworks";
				LD_RUNPATH_SEARCH_PATHS = (
					"$(inherited)",
					"@executable_path/../Frameworks",
					"@loader_path/Frameworks",
				);
				MARKETING_VERSION = 1.0;
				PRODUCT_BUNDLE_IDENTIFIER = mv.EssentialFeed;
				PRODUCT_NAME = "$(TARGET_NAME:c99extidentifier)";
				SKIP_INSTALL = YES;
				SUPPORTED_PLATFORMS = "macosx iphoneos iphonesimulator";
				SWIFT_EMIT_LOC_STRINGS = YES;
				SWIFT_VERSION = 5.0;
			};
			name = Release;
		};
		ADF269E728903E1300852B52 /* Debug */ = {
			isa = XCBuildConfiguration;
			buildSettings = {
				CLANG_ENABLE_MODULES = YES;
				CODE_SIGN_STYLE = Automatic;
				CURRENT_PROJECT_VERSION = 1;
				DEAD_CODE_STRIPPING = YES;
				DEVELOPMENT_TEAM = XHBM8GUNDR;
				GENERATE_INFOPLIST_FILE = YES;
				LD_RUNPATH_SEARCH_PATHS = (
					"$(inherited)",
					"@executable_path/../Frameworks",
					"@loader_path/../Frameworks",
				);
				MARKETING_VERSION = 1.0;
				PRODUCT_BUNDLE_IDENTIFIER = mv.EssentialFeedTests;
				PRODUCT_NAME = "$(TARGET_NAME)";
				SUPPORTED_PLATFORMS = "macosx iphonesimulator iphoneos";
				SWIFT_EMIT_LOC_STRINGS = NO;
				SWIFT_OBJC_BRIDGING_HEADER = "";
				SWIFT_OPTIMIZATION_LEVEL = "-Onone";
				SWIFT_VERSION = 5.0;
			};
			name = Debug;
		};
		ADF269E828903E1300852B52 /* Release */ = {
			isa = XCBuildConfiguration;
			buildSettings = {
				CLANG_ENABLE_MODULES = YES;
				CODE_SIGN_STYLE = Automatic;
				CURRENT_PROJECT_VERSION = 1;
				DEAD_CODE_STRIPPING = YES;
				DEVELOPMENT_TEAM = XHBM8GUNDR;
				GENERATE_INFOPLIST_FILE = YES;
				LD_RUNPATH_SEARCH_PATHS = (
					"$(inherited)",
					"@executable_path/../Frameworks",
					"@loader_path/../Frameworks",
				);
				MARKETING_VERSION = 1.0;
				PRODUCT_BUNDLE_IDENTIFIER = mv.EssentialFeedTests;
				PRODUCT_NAME = "$(TARGET_NAME)";
				SUPPORTED_PLATFORMS = "macosx iphonesimulator iphoneos";
				SWIFT_EMIT_LOC_STRINGS = NO;
				SWIFT_OBJC_BRIDGING_HEADER = "";
				SWIFT_VERSION = 5.0;
			};
			name = Release;
		};
/* End XCBuildConfiguration section */

/* Begin XCConfigurationList section */
		AD81525828BCF4E90084CDB7 /* Build configuration list for PBXNativeTarget "EssentialFeedCacheIntegrationTests" */ = {
			isa = XCConfigurationList;
			buildConfigurations = (
				AD81525928BCF4E90084CDB7 /* Debug */,
				AD81525A28BCF4E90084CDB7 /* Release */,
			);
			defaultConfigurationIsVisible = 0;
			defaultConfigurationName = Release;
		};
		ADCCFF70289BD6A000342B27 /* Build configuration list for PBXNativeTarget "EssentialFeedAPIEndToEndTests" */ = {
			isa = XCConfigurationList;
			buildConfigurations = (
				ADCCFF71289BD6A000342B27 /* Debug */,
				ADCCFF72289BD6A000342B27 /* Release */,
			);
			defaultConfigurationIsVisible = 0;
			defaultConfigurationName = Release;
		};
		ADE28EEF28C6182900349815 /* Build configuration list for PBXNativeTarget "EssentialFeediOS" */ = {
			isa = XCConfigurationList;
			buildConfigurations = (
				ADE28EEB28C6182900349815 /* Debug */,
				ADE28EEC28C6182900349815 /* Release */,
			);
			defaultConfigurationIsVisible = 0;
			defaultConfigurationName = Release;
		};
		ADE28EF028C6182900349815 /* Build configuration list for PBXNativeTarget "EssentialFeediOSTests" */ = {
			isa = XCConfigurationList;
			buildConfigurations = (
				ADE28EED28C6182900349815 /* Debug */,
				ADE28EEE28C6182900349815 /* Release */,
			);
			defaultConfigurationIsVisible = 0;
			defaultConfigurationName = Release;
		};
		ADF269C328903CDF00852B52 /* Build configuration list for PBXProject "EssentialFeed" */ = {
			isa = XCConfigurationList;
			buildConfigurations = (
				ADF269CE28903CDF00852B52 /* Debug */,
				ADF269CF28903CDF00852B52 /* Release */,
			);
			defaultConfigurationIsVisible = 0;
			defaultConfigurationName = Release;
		};
		ADF269D028903CDF00852B52 /* Build configuration list for PBXNativeTarget "EssentialFeed" */ = {
			isa = XCConfigurationList;
			buildConfigurations = (
				ADF269D128903CDF00852B52 /* Debug */,
				ADF269D228903CDF00852B52 /* Release */,
			);
			defaultConfigurationIsVisible = 0;
			defaultConfigurationName = Release;
		};
		ADF269E628903E1300852B52 /* Build configuration list for PBXNativeTarget "EssentialFeedTests" */ = {
			isa = XCConfigurationList;
			buildConfigurations = (
				ADF269E728903E1300852B52 /* Debug */,
				ADF269E828903E1300852B52 /* Release */,
			);
			defaultConfigurationIsVisible = 0;
			defaultConfigurationName = Release;
		};
/* End XCConfigurationList section */

/* Begin XCVersionGroup section */
		AD81523528B7B9360084CDB7 /* FeedStore.xcdatamodeld */ = {
			isa = XCVersionGroup;
			children = (
				AD81523628B7B9360084CDB7 /* FeedStore.xcdatamodel */,
			);
			currentVersion = AD81523628B7B9360084CDB7 /* FeedStore.xcdatamodel */;
			path = FeedStore.xcdatamodeld;
			sourceTree = "<group>";
			versionGroupType = wrapper.xcdatamodel;
		};
/* End XCVersionGroup section */
	};
	rootObject = ADF269C028903CDF00852B52 /* Project object */;
}
