// !$*UTF8*$!
{
	archiveVersion = 1;
	classes = {
	};
	objectVersion = 55;
	objects = {

/* Begin PBXBuildFile section */
		AD8151B528A690260084CDB7 /* LoadFeedFromCacheUseCaseTests.swift in Sources */ = {isa = PBXBuildFile; fileRef = AD8151B428A690260084CDB7 /* LoadFeedFromCacheUseCaseTests.swift */; };
		AD8151B828A691180084CDB7 /* FeedStoreSpy.swift in Sources */ = {isa = PBXBuildFile; fileRef = AD8151B728A691180084CDB7 /* FeedStoreSpy.swift */; };
		ADA9ABE228A2853D00FD44CF /* CacheFeedUseCaseTests.swift in Sources */ = {isa = PBXBuildFile; fileRef = ADA9ABE128A2853D00FD44CF /* CacheFeedUseCaseTests.swift */; };
		ADA9ABF628A3F80100FD44CF /* LocalFeedLoader.swift in Sources */ = {isa = PBXBuildFile; fileRef = ADA9ABF528A3F80100FD44CF /* LocalFeedLoader.swift */; };
		ADA9ABF828A3F85F00FD44CF /* FeedStore.swift in Sources */ = {isa = PBXBuildFile; fileRef = ADA9ABF728A3F85F00FD44CF /* FeedStore.swift */; };
		ADA9ABFE28A5380900FD44CF /* RemoteFeedItem.swift in Sources */ = {isa = PBXBuildFile; fileRef = ADA9ABFD28A5380900FD44CF /* RemoteFeedItem.swift */; };
		ADA9AC0028A5383500FD44CF /* LocalFeedImage.swift in Sources */ = {isa = PBXBuildFile; fileRef = ADA9ABFF28A5383500FD44CF /* LocalFeedImage.swift */; };
		ADBC2D2728953A7C006A16DF /* URLSessionHTTPClientTests.swift in Sources */ = {isa = PBXBuildFile; fileRef = ADBC2D2628953A7C006A16DF /* URLSessionHTTPClientTests.swift */; };
		ADCCFF6128996D0B00342B27 /* XCTestCase+MemoryLeakTracking.swift in Sources */ = {isa = PBXBuildFile; fileRef = ADCCFF6028996D0B00342B27 /* XCTestCase+MemoryLeakTracking.swift */; };
		ADCCFF64289AB46100342B27 /* URLSessionHTTPClient.swift in Sources */ = {isa = PBXBuildFile; fileRef = ADCCFF63289AB46100342B27 /* URLSessionHTTPClient.swift */; };
		ADCCFF6C289BD6A000342B27 /* EssentialFeedAPIEndToEndTests.swift in Sources */ = {isa = PBXBuildFile; fileRef = ADCCFF6B289BD6A000342B27 /* EssentialFeedAPIEndToEndTests.swift */; };
		ADCCFF6D289BD6A000342B27 /* EssentialFeed.framework in Frameworks */ = {isa = PBXBuildFile; fileRef = ADF269C928903CDF00852B52 /* EssentialFeed.framework */; };
		ADCCFF73289BDB1600342B27 /* XCTestCase+MemoryLeakTracking.swift in Sources */ = {isa = PBXBuildFile; fileRef = ADCCFF6028996D0B00342B27 /* XCTestCase+MemoryLeakTracking.swift */; };
		ADF269CD28903CDF00852B52 /* EssentialFeed.h in Headers */ = {isa = PBXBuildFile; fileRef = ADF269CC28903CDF00852B52 /* EssentialFeed.h */; settings = {ATTRIBUTES = (Public, ); }; };
		ADF269D928903CE800852B52 /* FeedLoader.swift in Sources */ = {isa = PBXBuildFile; fileRef = ADF269D628903CE800852B52 /* FeedLoader.swift */; };
		ADF269DA28903CE800852B52 /* FeedImage.swift in Sources */ = {isa = PBXBuildFile; fileRef = ADF269D728903CE800852B52 /* FeedImage.swift */; };
		ADF269E328903E1300852B52 /* EssentialFeed.framework in Frameworks */ = {isa = PBXBuildFile; fileRef = ADF269C928903CDF00852B52 /* EssentialFeed.framework */; };
		ADF269ED2890420A00852B52 /* LoadFeedFromRemoteUseCaseTests.swift in Sources */ = {isa = PBXBuildFile; fileRef = ADF269EC2890420A00852B52 /* LoadFeedFromRemoteUseCaseTests.swift */; };
		ADF26A0928928FFE00852B52 /* RemoteFeedLoader.swift in Sources */ = {isa = PBXBuildFile; fileRef = ADF26A0828928FFE00852B52 /* RemoteFeedLoader.swift */; };
		ADF26A0D28942BED00852B52 /* HTTPClient.swift in Sources */ = {isa = PBXBuildFile; fileRef = ADF26A0C28942BED00852B52 /* HTTPClient.swift */; };
		ADF26A0F28942C5E00852B52 /* FeedItemsMapper.swift in Sources */ = {isa = PBXBuildFile; fileRef = ADF26A0E28942C5E00852B52 /* FeedItemsMapper.swift */; };
/* End PBXBuildFile section */

/* Begin PBXContainerItemProxy section */
		ADCCFF6E289BD6A000342B27 /* PBXContainerItemProxy */ = {
			isa = PBXContainerItemProxy;
			containerPortal = ADF269C028903CDF00852B52 /* Project object */;
			proxyType = 1;
			remoteGlobalIDString = ADF269C828903CDF00852B52;
			remoteInfo = EssentialFeed;
		};
		ADF269E428903E1300852B52 /* PBXContainerItemProxy */ = {
			isa = PBXContainerItemProxy;
			containerPortal = ADF269C028903CDF00852B52 /* Project object */;
			proxyType = 1;
			remoteGlobalIDString = ADF269C828903CDF00852B52;
			remoteInfo = EssentialFeed;
		};
/* End PBXContainerItemProxy section */

/* Begin PBXFileReference section */
		AD8151B428A690260084CDB7 /* LoadFeedFromCacheUseCaseTests.swift */ = {isa = PBXFileReference; lastKnownFileType = sourcecode.swift; path = LoadFeedFromCacheUseCaseTests.swift; sourceTree = "<group>"; };
		AD8151B728A691180084CDB7 /* FeedStoreSpy.swift */ = {isa = PBXFileReference; lastKnownFileType = sourcecode.swift; path = FeedStoreSpy.swift; sourceTree = "<group>"; };
		ADA9ABE128A2853D00FD44CF /* CacheFeedUseCaseTests.swift */ = {isa = PBXFileReference; lastKnownFileType = sourcecode.swift; path = CacheFeedUseCaseTests.swift; sourceTree = "<group>"; };
		ADA9ABF528A3F80100FD44CF /* LocalFeedLoader.swift */ = {isa = PBXFileReference; lastKnownFileType = sourcecode.swift; path = LocalFeedLoader.swift; sourceTree = "<group>"; };
		ADA9ABF728A3F85F00FD44CF /* FeedStore.swift */ = {isa = PBXFileReference; lastKnownFileType = sourcecode.swift; path = FeedStore.swift; sourceTree = "<group>"; };
		ADA9ABFD28A5380900FD44CF /* RemoteFeedItem.swift */ = {isa = PBXFileReference; lastKnownFileType = sourcecode.swift; path = RemoteFeedItem.swift; sourceTree = "<group>"; };
		ADA9ABFF28A5383500FD44CF /* LocalFeedImage.swift */ = {isa = PBXFileReference; lastKnownFileType = sourcecode.swift; path = LocalFeedImage.swift; sourceTree = "<group>"; };
		ADBC2D2628953A7C006A16DF /* URLSessionHTTPClientTests.swift */ = {isa = PBXFileReference; lastKnownFileType = sourcecode.swift; path = URLSessionHTTPClientTests.swift; sourceTree = "<group>"; };
		ADCCFF6028996D0B00342B27 /* XCTestCase+MemoryLeakTracking.swift */ = {isa = PBXFileReference; lastKnownFileType = sourcecode.swift; path = "XCTestCase+MemoryLeakTracking.swift"; sourceTree = "<group>"; };
		ADCCFF63289AB46100342B27 /* URLSessionHTTPClient.swift */ = {isa = PBXFileReference; lastKnownFileType = sourcecode.swift; path = URLSessionHTTPClient.swift; sourceTree = "<group>"; };
		ADCCFF69289BD6A000342B27 /* EssentialFeedAPIEndToEndTests.xctest */ = {isa = PBXFileReference; explicitFileType = wrapper.cfbundle; includeInIndex = 0; path = EssentialFeedAPIEndToEndTests.xctest; sourceTree = BUILT_PRODUCTS_DIR; };
		ADCCFF6B289BD6A000342B27 /* EssentialFeedAPIEndToEndTests.swift */ = {isa = PBXFileReference; lastKnownFileType = sourcecode.swift; path = EssentialFeedAPIEndToEndTests.swift; sourceTree = "<group>"; };
		ADF269C928903CDF00852B52 /* EssentialFeed.framework */ = {isa = PBXFileReference; explicitFileType = wrapper.framework; includeInIndex = 0; path = EssentialFeed.framework; sourceTree = BUILT_PRODUCTS_DIR; };
		ADF269CC28903CDF00852B52 /* EssentialFeed.h */ = {isa = PBXFileReference; lastKnownFileType = sourcecode.c.h; path = EssentialFeed.h; sourceTree = "<group>"; };
		ADF269D628903CE800852B52 /* FeedLoader.swift */ = {isa = PBXFileReference; fileEncoding = 4; lastKnownFileType = sourcecode.swift; path = FeedLoader.swift; sourceTree = "<group>"; };
		ADF269D728903CE800852B52 /* FeedImage.swift */ = {isa = PBXFileReference; fileEncoding = 4; lastKnownFileType = sourcecode.swift; path = FeedImage.swift; sourceTree = "<group>"; };
		ADF269DF28903E1300852B52 /* EssentialFeedTests.xctest */ = {isa = PBXFileReference; explicitFileType = wrapper.cfbundle; includeInIndex = 0; path = EssentialFeedTests.xctest; sourceTree = BUILT_PRODUCTS_DIR; };
		ADF269EC2890420A00852B52 /* LoadFeedFromRemoteUseCaseTests.swift */ = {isa = PBXFileReference; lastKnownFileType = sourcecode.swift; path = LoadFeedFromRemoteUseCaseTests.swift; sourceTree = "<group>"; };
		ADF26A0828928FFE00852B52 /* RemoteFeedLoader.swift */ = {isa = PBXFileReference; lastKnownFileType = sourcecode.swift; path = RemoteFeedLoader.swift; sourceTree = "<group>"; };
		ADF26A0C28942BED00852B52 /* HTTPClient.swift */ = {isa = PBXFileReference; lastKnownFileType = sourcecode.swift; path = HTTPClient.swift; sourceTree = "<group>"; };
		ADF26A0E28942C5E00852B52 /* FeedItemsMapper.swift */ = {isa = PBXFileReference; lastKnownFileType = sourcecode.swift; path = FeedItemsMapper.swift; sourceTree = "<group>"; };
/* End PBXFileReference section */

/* Begin PBXFrameworksBuildPhase section */
		ADCCFF66289BD6A000342B27 /* Frameworks */ = {
			isa = PBXFrameworksBuildPhase;
			buildActionMask = 2147483647;
			files = (
				ADCCFF6D289BD6A000342B27 /* EssentialFeed.framework in Frameworks */,
			);
			runOnlyForDeploymentPostprocessing = 0;
		};
		ADF269C628903CDF00852B52 /* Frameworks */ = {
			isa = PBXFrameworksBuildPhase;
			buildActionMask = 2147483647;
			files = (
			);
			runOnlyForDeploymentPostprocessing = 0;
		};
		ADF269DC28903E1300852B52 /* Frameworks */ = {
			isa = PBXFrameworksBuildPhase;
			buildActionMask = 2147483647;
			files = (
				ADF269E328903E1300852B52 /* EssentialFeed.framework in Frameworks */,
			);
			runOnlyForDeploymentPostprocessing = 0;
		};
/* End PBXFrameworksBuildPhase section */

/* Begin PBXGroup section */
		AD8151B628A691080084CDB7 /* Helpers */ = {
			isa = PBXGroup;
			children = (
				AD8151B728A691180084CDB7 /* FeedStoreSpy.swift */,
			);
			path = Helpers;
			sourceTree = "<group>";
		};
		ADA9ABE028A2850200FD44CF /* Feed Cache */ = {
			isa = PBXGroup;
			children = (
				AD8151B628A691080084CDB7 /* Helpers */,
				ADA9ABE128A2853D00FD44CF /* CacheFeedUseCaseTests.swift */,
				AD8151B428A690260084CDB7 /* LoadFeedFromCacheUseCaseTests.swift */,
			);
			path = "Feed Cache";
			sourceTree = "<group>";
		};
		ADA9ABF428A3F7DD00FD44CF /* Feed Cache */ = {
			isa = PBXGroup;
			children = (
				ADA9ABF528A3F80100FD44CF /* LocalFeedLoader.swift */,
				ADA9ABF728A3F85F00FD44CF /* FeedStore.swift */,
				ADA9ABFF28A5383500FD44CF /* LocalFeedImage.swift */,
			);
			path = "Feed Cache";
			sourceTree = "<group>";
		};
		ADCCFF5F28996CDF00342B27 /* Helpers */ = {
			isa = PBXGroup;
			children = (
				ADCCFF6028996D0B00342B27 /* XCTestCase+MemoryLeakTracking.swift */,
			);
			path = Helpers;
			sourceTree = "<group>";
		};
		ADCCFF6A289BD6A000342B27 /* EssentialFeedAPIEndToEndTests */ = {
			isa = PBXGroup;
			children = (
				ADCCFF6B289BD6A000342B27 /* EssentialFeedAPIEndToEndTests.swift */,
			);
			path = EssentialFeedAPIEndToEndTests;
			sourceTree = "<group>";
		};
		ADF269BF28903CDF00852B52 = {
			isa = PBXGroup;
			children = (
				ADF269CB28903CDF00852B52 /* EssentialFeed */,
				ADF269E028903E1300852B52 /* EssentialFeedTests */,
				ADCCFF6A289BD6A000342B27 /* EssentialFeedAPIEndToEndTests */,
				ADF269CA28903CDF00852B52 /* Products */,
			);
			sourceTree = "<group>";
		};
		ADF269CA28903CDF00852B52 /* Products */ = {
			isa = PBXGroup;
			children = (
				ADF269C928903CDF00852B52 /* EssentialFeed.framework */,
				ADF269DF28903E1300852B52 /* EssentialFeedTests.xctest */,
				ADCCFF69289BD6A000342B27 /* EssentialFeedAPIEndToEndTests.xctest */,
			);
			name = Products;
			sourceTree = "<group>";
		};
		ADF269CB28903CDF00852B52 /* EssentialFeed */ = {
			isa = PBXGroup;
			children = (
				ADA9ABF428A3F7DD00FD44CF /* Feed Cache */,
				ADF269D528903CE800852B52 /* Feed Feature */,
				ADF26A0728928FCC00852B52 /* Feed API */,
				ADF269CC28903CDF00852B52 /* EssentialFeed.h */,
			);
			path = EssentialFeed;
			sourceTree = "<group>";
		};
		ADF269D528903CE800852B52 /* Feed Feature */ = {
			isa = PBXGroup;
			children = (
				ADF269D628903CE800852B52 /* FeedLoader.swift */,
				ADF269D728903CE800852B52 /* FeedImage.swift */,
			);
			path = "Feed Feature";
			sourceTree = "<group>";
		};
		ADF269E028903E1300852B52 /* EssentialFeedTests */ = {
			isa = PBXGroup;
			children = (
				ADCCFF5F28996CDF00342B27 /* Helpers */,
				ADA9ABE028A2850200FD44CF /* Feed Cache */,
				ADF26A102894343100852B52 /* FeedAPI */,
			);
			path = EssentialFeedTests;
			sourceTree = "<group>";
		};
		ADF26A0728928FCC00852B52 /* Feed API */ = {
			isa = PBXGroup;
			children = (
				ADF26A0828928FFE00852B52 /* RemoteFeedLoader.swift */,
				ADF26A0E28942C5E00852B52 /* FeedItemsMapper.swift */,
				ADF26A0C28942BED00852B52 /* HTTPClient.swift */,
				ADCCFF63289AB46100342B27 /* URLSessionHTTPClient.swift */,
				ADA9ABFD28A5380900FD44CF /* RemoteFeedItem.swift */,
			);
			path = "Feed API";
			sourceTree = "<group>";
		};
		ADF26A102894343100852B52 /* FeedAPI */ = {
			isa = PBXGroup;
			children = (
				ADF269EC2890420A00852B52 /* LoadFeedFromRemoteUseCaseTests.swift */,
				ADBC2D2628953A7C006A16DF /* URLSessionHTTPClientTests.swift */,
			);
			path = FeedAPI;
			sourceTree = "<group>";
		};
/* End PBXGroup section */

/* Begin PBXHeadersBuildPhase section */
		ADF269C428903CDF00852B52 /* Headers */ = {
			isa = PBXHeadersBuildPhase;
			buildActionMask = 2147483647;
			files = (
				ADF269CD28903CDF00852B52 /* EssentialFeed.h in Headers */,
			);
			runOnlyForDeploymentPostprocessing = 0;
		};
/* End PBXHeadersBuildPhase section */

/* Begin PBXNativeTarget section */
		ADCCFF68289BD6A000342B27 /* EssentialFeedAPIEndToEndTests */ = {
			isa = PBXNativeTarget;
			buildConfigurationList = ADCCFF70289BD6A000342B27 /* Build configuration list for PBXNativeTarget "EssentialFeedAPIEndToEndTests" */;
			buildPhases = (
				ADCCFF65289BD6A000342B27 /* Sources */,
				ADCCFF66289BD6A000342B27 /* Frameworks */,
				ADCCFF67289BD6A000342B27 /* Resources */,
			);
			buildRules = (
			);
			dependencies = (
				ADCCFF6F289BD6A000342B27 /* PBXTargetDependency */,
			);
			name = EssentialFeedAPIEndToEndTests;
			productName = EssentialFeedAPIEndToEndTests;
			productReference = ADCCFF69289BD6A000342B27 /* EssentialFeedAPIEndToEndTests.xctest */;
			productType = "com.apple.product-type.bundle.unit-test";
		};
		ADF269C828903CDF00852B52 /* EssentialFeed */ = {
			isa = PBXNativeTarget;
			buildConfigurationList = ADF269D028903CDF00852B52 /* Build configuration list for PBXNativeTarget "EssentialFeed" */;
			buildPhases = (
				ADF269C428903CDF00852B52 /* Headers */,
				ADF269C528903CDF00852B52 /* Sources */,
				ADF269C628903CDF00852B52 /* Frameworks */,
				ADF269C728903CDF00852B52 /* Resources */,
			);
			buildRules = (
			);
			dependencies = (
			);
			name = EssentialFeed;
			productName = EssentialFeed;
			productReference = ADF269C928903CDF00852B52 /* EssentialFeed.framework */;
			productType = "com.apple.product-type.framework";
		};
		ADF269DE28903E1300852B52 /* EssentialFeedTests */ = {
			isa = PBXNativeTarget;
			buildConfigurationList = ADF269E628903E1300852B52 /* Build configuration list for PBXNativeTarget "EssentialFeedTests" */;
			buildPhases = (
				ADF269DB28903E1300852B52 /* Sources */,
				ADF269DC28903E1300852B52 /* Frameworks */,
				ADF269DD28903E1300852B52 /* Resources */,
			);
			buildRules = (
			);
			dependencies = (
				ADF269E528903E1300852B52 /* PBXTargetDependency */,
			);
			name = EssentialFeedTests;
			productName = EssentialFeedTests;
			productReference = ADF269DF28903E1300852B52 /* EssentialFeedTests.xctest */;
			productType = "com.apple.product-type.bundle.unit-test";
		};
/* End PBXNativeTarget section */

/* Begin PBXProject section */
		ADF269C028903CDF00852B52 /* Project object */ = {
			isa = PBXProject;
			attributes = {
				BuildIndependentTargetsInParallel = 1;
				LastSwiftUpdateCheck = 1340;
				LastUpgradeCheck = 1340;
				TargetAttributes = {
					ADCCFF68289BD6A000342B27 = {
						CreatedOnToolsVersion = 13.4.1;
					};
					ADF269C828903CDF00852B52 = {
						CreatedOnToolsVersion = 13.4.1;
					};
					ADF269DE28903E1300852B52 = {
						CreatedOnToolsVersion = 13.4.1;
						LastSwiftMigration = 1340;
					};
				};
			};
			buildConfigurationList = ADF269C328903CDF00852B52 /* Build configuration list for PBXProject "EssentialFeed" */;
			compatibilityVersion = "Xcode 13.0";
			developmentRegion = en;
			hasScannedForEncodings = 0;
			knownRegions = (
				en,
				Base,
			);
			mainGroup = ADF269BF28903CDF00852B52;
			productRefGroup = ADF269CA28903CDF00852B52 /* Products */;
			projectDirPath = "";
			projectRoot = "";
			targets = (
				ADF269C828903CDF00852B52 /* EssentialFeed */,
				ADF269DE28903E1300852B52 /* EssentialFeedTests */,
				ADCCFF68289BD6A000342B27 /* EssentialFeedAPIEndToEndTests */,
			);
		};
/* End PBXProject section */

/* Begin PBXResourcesBuildPhase section */
		ADCCFF67289BD6A000342B27 /* Resources */ = {
			isa = PBXResourcesBuildPhase;
			buildActionMask = 2147483647;
			files = (
			);
			runOnlyForDeploymentPostprocessing = 0;
		};
		ADF269C728903CDF00852B52 /* Resources */ = {
			isa = PBXResourcesBuildPhase;
			buildActionMask = 2147483647;
			files = (
			);
			runOnlyForDeploymentPostprocessing = 0;
		};
		ADF269DD28903E1300852B52 /* Resources */ = {
			isa = PBXResourcesBuildPhase;
			buildActionMask = 2147483647;
			files = (
			);
			runOnlyForDeploymentPostprocessing = 0;
		};
/* End PBXResourcesBuildPhase section */

/* Begin PBXSourcesBuildPhase section */
		ADCCFF65289BD6A000342B27 /* Sources */ = {
			isa = PBXSourcesBuildPhase;
			buildActionMask = 2147483647;
			files = (
				ADCCFF6C289BD6A000342B27 /* EssentialFeedAPIEndToEndTests.swift in Sources */,
				ADCCFF73289BDB1600342B27 /* XCTestCase+MemoryLeakTracking.swift in Sources */,
			);
			runOnlyForDeploymentPostprocessing = 0;
		};
		ADF269C528903CDF00852B52 /* Sources */ = {
			isa = PBXSourcesBuildPhase;
			buildActionMask = 2147483647;
			files = (
				ADF26A0F28942C5E00852B52 /* FeedItemsMapper.swift in Sources */,
				ADF269DA28903CE800852B52 /* FeedImage.swift in Sources */,
				ADA9ABFE28A5380900FD44CF /* RemoteFeedItem.swift in Sources */,
				ADF26A0D28942BED00852B52 /* HTTPClient.swift in Sources */,
				ADA9AC0028A5383500FD44CF /* LocalFeedImage.swift in Sources */,
				ADA9ABF828A3F85F00FD44CF /* FeedStore.swift in Sources */,
				ADA9ABF628A3F80100FD44CF /* LocalFeedLoader.swift in Sources */,
				ADF26A0928928FFE00852B52 /* RemoteFeedLoader.swift in Sources */,
				ADF269D928903CE800852B52 /* FeedLoader.swift in Sources */,
				ADCCFF64289AB46100342B27 /* URLSessionHTTPClient.swift in Sources */,
			);
			runOnlyForDeploymentPostprocessing = 0;
		};
		ADF269DB28903E1300852B52 /* Sources */ = {
			isa = PBXSourcesBuildPhase;
			buildActionMask = 2147483647;
			files = (
				ADF269ED2890420A00852B52 /* LoadFeedFromRemoteUseCaseTests.swift in Sources */,
				ADBC2D2728953A7C006A16DF /* URLSessionHTTPClientTests.swift in Sources */,
				AD8151B828A691180084CDB7 /* FeedStoreSpy.swift in Sources */,
				ADA9ABE228A2853D00FD44CF /* CacheFeedUseCaseTests.swift in Sources */,
				AD8151B528A690260084CDB7 /* LoadFeedFromCacheUseCaseTests.swift in Sources */,
				ADCCFF6128996D0B00342B27 /* XCTestCase+MemoryLeakTracking.swift in Sources */,
			);
			runOnlyForDeploymentPostprocessing = 0;
		};
/* End PBXSourcesBuildPhase section */

/* Begin PBXTargetDependency section */
		ADCCFF6F289BD6A000342B27 /* PBXTargetDependency */ = {
			isa = PBXTargetDependency;
			target = ADF269C828903CDF00852B52 /* EssentialFeed */;
			targetProxy = ADCCFF6E289BD6A000342B27 /* PBXContainerItemProxy */;
		};
		ADF269E528903E1300852B52 /* PBXTargetDependency */ = {
			isa = PBXTargetDependency;
			target = ADF269C828903CDF00852B52 /* EssentialFeed */;
			targetProxy = ADF269E428903E1300852B52 /* PBXContainerItemProxy */;
		};
/* End PBXTargetDependency section */

/* Begin XCBuildConfiguration section */
		ADCCFF71289BD6A000342B27 /* Debug */ = {
			isa = XCBuildConfiguration;
			buildSettings = {
				CODE_SIGN_STYLE = Automatic;
				CURRENT_PROJECT_VERSION = 1;
				DEVELOPMENT_TEAM = XHBM8GUNDR;
				GENERATE_INFOPLIST_FILE = YES;
				MARKETING_VERSION = 1.0;
				PRODUCT_BUNDLE_IDENTIFIER = mv.EssentialFeedAPIEndToEndTests;
				PRODUCT_NAME = "$(TARGET_NAME)";
				SWIFT_EMIT_LOC_STRINGS = NO;
				SWIFT_VERSION = 5.0;
			};
			name = Debug;
		};
		ADCCFF72289BD6A000342B27 /* Release */ = {
			isa = XCBuildConfiguration;
			buildSettings = {
				CODE_SIGN_STYLE = Automatic;
				CURRENT_PROJECT_VERSION = 1;
				DEVELOPMENT_TEAM = XHBM8GUNDR;
				GENERATE_INFOPLIST_FILE = YES;
				MARKETING_VERSION = 1.0;
				PRODUCT_BUNDLE_IDENTIFIER = mv.EssentialFeedAPIEndToEndTests;
				PRODUCT_NAME = "$(TARGET_NAME)";
				SWIFT_EMIT_LOC_STRINGS = NO;
				SWIFT_VERSION = 5.0;
			};
			name = Release;
		};
		ADF269CE28903CDF00852B52 /* Debug */ = {
			isa = XCBuildConfiguration;
			buildSettings = {
				ALWAYS_SEARCH_USER_PATHS = NO;
				CLANG_ANALYZER_NONNULL = YES;
				CLANG_ANALYZER_NUMBER_OBJECT_CONVERSION = YES_AGGRESSIVE;
				CLANG_CXX_LANGUAGE_STANDARD = "gnu++17";
				CLANG_ENABLE_MODULES = YES;
				CLANG_ENABLE_OBJC_ARC = YES;
				CLANG_ENABLE_OBJC_WEAK = YES;
				CLANG_WARN_BLOCK_CAPTURE_AUTORELEASING = YES;
				CLANG_WARN_BOOL_CONVERSION = YES;
				CLANG_WARN_COMMA = YES;
				CLANG_WARN_CONSTANT_CONVERSION = YES;
				CLANG_WARN_DEPRECATED_OBJC_IMPLEMENTATIONS = YES;
				CLANG_WARN_DIRECT_OBJC_ISA_USAGE = YES_ERROR;
				CLANG_WARN_DOCUMENTATION_COMMENTS = YES;
				CLANG_WARN_EMPTY_BODY = YES;
				CLANG_WARN_ENUM_CONVERSION = YES;
				CLANG_WARN_INFINITE_RECURSION = YES;
				CLANG_WARN_INT_CONVERSION = YES;
				CLANG_WARN_NON_LITERAL_NULL_CONVERSION = YES;
				CLANG_WARN_OBJC_IMPLICIT_RETAIN_SELF = YES;
				CLANG_WARN_OBJC_LITERAL_CONVERSION = YES;
				CLANG_WARN_OBJC_ROOT_CLASS = YES_ERROR;
				CLANG_WARN_QUOTED_INCLUDE_IN_FRAMEWORK_HEADER = YES;
				CLANG_WARN_RANGE_LOOP_ANALYSIS = YES;
				CLANG_WARN_STRICT_PROTOTYPES = YES;
				CLANG_WARN_SUSPICIOUS_MOVE = YES;
				CLANG_WARN_UNGUARDED_AVAILABILITY = YES_AGGRESSIVE;
				CLANG_WARN_UNREACHABLE_CODE = YES;
				CLANG_WARN__DUPLICATE_METHOD_MATCH = YES;
				COPY_PHASE_STRIP = NO;
				CURRENT_PROJECT_VERSION = 1;
				DEBUG_INFORMATION_FORMAT = dwarf;
				ENABLE_STRICT_OBJC_MSGSEND = YES;
				ENABLE_TESTABILITY = YES;
				GCC_C_LANGUAGE_STANDARD = gnu11;
				GCC_DYNAMIC_NO_PIC = NO;
				GCC_NO_COMMON_BLOCKS = YES;
				GCC_OPTIMIZATION_LEVEL = 0;
				GCC_PREPROCESSOR_DEFINITIONS = (
					"DEBUG=1",
					"$(inherited)",
				);
				GCC_WARN_64_TO_32_BIT_CONVERSION = YES;
				GCC_WARN_ABOUT_RETURN_TYPE = YES_ERROR;
				GCC_WARN_UNDECLARED_SELECTOR = YES;
				GCC_WARN_UNINITIALIZED_AUTOS = YES_AGGRESSIVE;
				GCC_WARN_UNUSED_FUNCTION = YES;
				GCC_WARN_UNUSED_VARIABLE = YES;
				MACOSX_DEPLOYMENT_TARGET = 12.3;
				MTL_ENABLE_DEBUG_INFO = INCLUDE_SOURCE;
				MTL_FAST_MATH = YES;
				ONLY_ACTIVE_ARCH = YES;
				SDKROOT = macosx;
				SWIFT_ACTIVE_COMPILATION_CONDITIONS = DEBUG;
				SWIFT_OPTIMIZATION_LEVEL = "-Onone";
				VERSIONING_SYSTEM = "apple-generic";
				VERSION_INFO_PREFIX = "";
			};
			name = Debug;
		};
		ADF269CF28903CDF00852B52 /* Release */ = {
			isa = XCBuildConfiguration;
			buildSettings = {
				ALWAYS_SEARCH_USER_PATHS = NO;
				CLANG_ANALYZER_NONNULL = YES;
				CLANG_ANALYZER_NUMBER_OBJECT_CONVERSION = YES_AGGRESSIVE;
				CLANG_CXX_LANGUAGE_STANDARD = "gnu++17";
				CLANG_ENABLE_MODULES = YES;
				CLANG_ENABLE_OBJC_ARC = YES;
				CLANG_ENABLE_OBJC_WEAK = YES;
				CLANG_WARN_BLOCK_CAPTURE_AUTORELEASING = YES;
				CLANG_WARN_BOOL_CONVERSION = YES;
				CLANG_WARN_COMMA = YES;
				CLANG_WARN_CONSTANT_CONVERSION = YES;
				CLANG_WARN_DEPRECATED_OBJC_IMPLEMENTATIONS = YES;
				CLANG_WARN_DIRECT_OBJC_ISA_USAGE = YES_ERROR;
				CLANG_WARN_DOCUMENTATION_COMMENTS = YES;
				CLANG_WARN_EMPTY_BODY = YES;
				CLANG_WARN_ENUM_CONVERSION = YES;
				CLANG_WARN_INFINITE_RECURSION = YES;
				CLANG_WARN_INT_CONVERSION = YES;
				CLANG_WARN_NON_LITERAL_NULL_CONVERSION = YES;
				CLANG_WARN_OBJC_IMPLICIT_RETAIN_SELF = YES;
				CLANG_WARN_OBJC_LITERAL_CONVERSION = YES;
				CLANG_WARN_OBJC_ROOT_CLASS = YES_ERROR;
				CLANG_WARN_QUOTED_INCLUDE_IN_FRAMEWORK_HEADER = YES;
				CLANG_WARN_RANGE_LOOP_ANALYSIS = YES;
				CLANG_WARN_STRICT_PROTOTYPES = YES;
				CLANG_WARN_SUSPICIOUS_MOVE = YES;
				CLANG_WARN_UNGUARDED_AVAILABILITY = YES_AGGRESSIVE;
				CLANG_WARN_UNREACHABLE_CODE = YES;
				CLANG_WARN__DUPLICATE_METHOD_MATCH = YES;
				COPY_PHASE_STRIP = NO;
				CURRENT_PROJECT_VERSION = 1;
				DEBUG_INFORMATION_FORMAT = "dwarf-with-dsym";
				ENABLE_NS_ASSERTIONS = NO;
				ENABLE_STRICT_OBJC_MSGSEND = YES;
				GCC_C_LANGUAGE_STANDARD = gnu11;
				GCC_NO_COMMON_BLOCKS = YES;
				GCC_WARN_64_TO_32_BIT_CONVERSION = YES;
				GCC_WARN_ABOUT_RETURN_TYPE = YES_ERROR;
				GCC_WARN_UNDECLARED_SELECTOR = YES;
				GCC_WARN_UNINITIALIZED_AUTOS = YES_AGGRESSIVE;
				GCC_WARN_UNUSED_FUNCTION = YES;
				GCC_WARN_UNUSED_VARIABLE = YES;
				MACOSX_DEPLOYMENT_TARGET = 12.3;
				MTL_ENABLE_DEBUG_INFO = NO;
				MTL_FAST_MATH = YES;
				SDKROOT = macosx;
				SWIFT_COMPILATION_MODE = wholemodule;
				SWIFT_OPTIMIZATION_LEVEL = "-O";
				VERSIONING_SYSTEM = "apple-generic";
				VERSION_INFO_PREFIX = "";
			};
			name = Release;
		};
		ADF269D128903CDF00852B52 /* Debug */ = {
			isa = XCBuildConfiguration;
			buildSettings = {
				CODE_SIGN_STYLE = Automatic;
				COMBINE_HIDPI_IMAGES = YES;
				CURRENT_PROJECT_VERSION = 1;
				DEFINES_MODULE = YES;
				DEVELOPMENT_TEAM = XHBM8GUNDR;
				DYLIB_COMPATIBILITY_VERSION = 1;
				DYLIB_CURRENT_VERSION = 1;
				DYLIB_INSTALL_NAME_BASE = "@rpath";
				GENERATE_INFOPLIST_FILE = YES;
				INFOPLIST_KEY_NSHumanReadableCopyright = "";
				INSTALL_PATH = "$(LOCAL_LIBRARY_DIR)/Frameworks";
				LD_RUNPATH_SEARCH_PATHS = (
					"$(inherited)",
					"@executable_path/../Frameworks",
					"@loader_path/Frameworks",
				);
				MARKETING_VERSION = 1.0;
				PRODUCT_BUNDLE_IDENTIFIER = mv.EssentialFeed;
				PRODUCT_NAME = "$(TARGET_NAME:c99extidentifier)";
				SKIP_INSTALL = YES;
				SWIFT_EMIT_LOC_STRINGS = YES;
				SWIFT_VERSION = 5.0;
			};
			name = Debug;
		};
		ADF269D228903CDF00852B52 /* Release */ = {
			isa = XCBuildConfiguration;
			buildSettings = {
				CODE_SIGN_STYLE = Automatic;
				COMBINE_HIDPI_IMAGES = YES;
				CURRENT_PROJECT_VERSION = 1;
				DEFINES_MODULE = YES;
				DEVELOPMENT_TEAM = XHBM8GUNDR;
				DYLIB_COMPATIBILITY_VERSION = 1;
				DYLIB_CURRENT_VERSION = 1;
				DYLIB_INSTALL_NAME_BASE = "@rpath";
				GENERATE_INFOPLIST_FILE = YES;
				INFOPLIST_KEY_NSHumanReadableCopyright = "";
				INSTALL_PATH = "$(LOCAL_LIBRARY_DIR)/Frameworks";
				LD_RUNPATH_SEARCH_PATHS = (
					"$(inherited)",
					"@executable_path/../Frameworks",
					"@loader_path/Frameworks",
				);
				MARKETING_VERSION = 1.0;
				PRODUCT_BUNDLE_IDENTIFIER = mv.EssentialFeed;
				PRODUCT_NAME = "$(TARGET_NAME:c99extidentifier)";
				SKIP_INSTALL = YES;
				SWIFT_EMIT_LOC_STRINGS = YES;
				SWIFT_VERSION = 5.0;
			};
			name = Release;
		};
		ADF269E728903E1300852B52 /* Debug */ = {
			isa = XCBuildConfiguration;
			buildSettings = {
				CLANG_ENABLE_MODULES = YES;
				CODE_SIGN_STYLE = Automatic;
				CURRENT_PROJECT_VERSION = 1;
				DEVELOPMENT_TEAM = XHBM8GUNDR;
				GENERATE_INFOPLIST_FILE = YES;
				LD_RUNPATH_SEARCH_PATHS = (
					"$(inherited)",
					"@executable_path/../Frameworks",
					"@loader_path/../Frameworks",
				);
				MARKETING_VERSION = 1.0;
				PRODUCT_BUNDLE_IDENTIFIER = mv.EssentialFeedTests;
				PRODUCT_NAME = "$(TARGET_NAME)";
				SWIFT_EMIT_LOC_STRINGS = NO;
				SWIFT_OBJC_BRIDGING_HEADER = "";
				SWIFT_OPTIMIZATION_LEVEL = "-Onone";
				SWIFT_VERSION = 5.0;
			};
			name = Debug;
		};
		ADF269E828903E1300852B52 /* Release */ = {
			isa = XCBuildConfiguration;
			buildSettings = {
				CLANG_ENABLE_MODULES = YES;
				CODE_SIGN_STYLE = Automatic;
				CURRENT_PROJECT_VERSION = 1;
				DEVELOPMENT_TEAM = XHBM8GUNDR;
				GENERATE_INFOPLIST_FILE = YES;
				LD_RUNPATH_SEARCH_PATHS = (
					"$(inherited)",
					"@executable_path/../Frameworks",
					"@loader_path/../Frameworks",
				);
				MARKETING_VERSION = 1.0;
				PRODUCT_BUNDLE_IDENTIFIER = mv.EssentialFeedTests;
				PRODUCT_NAME = "$(TARGET_NAME)";
				SWIFT_EMIT_LOC_STRINGS = NO;
				SWIFT_OBJC_BRIDGING_HEADER = "";
				SWIFT_VERSION = 5.0;
			};
			name = Release;
		};
/* End XCBuildConfiguration section */

/* Begin XCConfigurationList section */
		ADCCFF70289BD6A000342B27 /* Build configuration list for PBXNativeTarget "EssentialFeedAPIEndToEndTests" */ = {
			isa = XCConfigurationList;
			buildConfigurations = (
				ADCCFF71289BD6A000342B27 /* Debug */,
				ADCCFF72289BD6A000342B27 /* Release */,
			);
			defaultConfigurationIsVisible = 0;
			defaultConfigurationName = Release;
		};
		ADF269C328903CDF00852B52 /* Build configuration list for PBXProject "EssentialFeed" */ = {
			isa = XCConfigurationList;
			buildConfigurations = (
				ADF269CE28903CDF00852B52 /* Debug */,
				ADF269CF28903CDF00852B52 /* Release */,
			);
			defaultConfigurationIsVisible = 0;
			defaultConfigurationName = Release;
		};
		ADF269D028903CDF00852B52 /* Build configuration list for PBXNativeTarget "EssentialFeed" */ = {
			isa = XCConfigurationList;
			buildConfigurations = (
				ADF269D128903CDF00852B52 /* Debug */,
				ADF269D228903CDF00852B52 /* Release */,
			);
			defaultConfigurationIsVisible = 0;
			defaultConfigurationName = Release;
		};
		ADF269E628903E1300852B52 /* Build configuration list for PBXNativeTarget "EssentialFeedTests" */ = {
			isa = XCConfigurationList;
			buildConfigurations = (
				ADF269E728903E1300852B52 /* Debug */,
				ADF269E828903E1300852B52 /* Release */,
			);
			defaultConfigurationIsVisible = 0;
			defaultConfigurationName = Release;
		};
/* End XCConfigurationList section */
	};
	rootObject = ADF269C028903CDF00852B52 /* Project object */;
}
